// !$*UTF8*$!
{
	archiveVersion = 1;
	classes = {
	};
	objectVersion = 77;
	objects = {

/* Begin PBXBuildFile section */
		640290BF2CF858AE001F5545 /* Config.xcconfig in Resources */ = {isa = PBXBuildFile; fileRef = 640290BE2CF858AE001F5545 /* Config.xcconfig */; };
		648C6E5B2CF422A800C03BAD /* Alamofire in Frameworks */ = {isa = PBXBuildFile; productRef = 648C6E5A2CF422A800C03BAD /* Alamofire */; };
		64ECCF732CF48AED00282D41 /* KakaoSDKCommon in Frameworks */ = {isa = PBXBuildFile; productRef = 648C6D822CF421D500C03BAD /* KakaoSDKCommon */; };
		64ECCF742CF48AED00282D41 /* KakaoSDKShare in Frameworks */ = {isa = PBXBuildFile; productRef = 648C6DC92CF4221D00C03BAD /* KakaoSDKShare */; };
		64ECCF752CF48AED00282D41 /* KakaoSDKTemplate in Frameworks */ = {isa = PBXBuildFile; productRef = 648C6DCB2CF4222B00C03BAD /* KakaoSDKTemplate */; };
		64ECCF762CF48AED00282D41 /* KakaoSDKAuth in Frameworks */ = {isa = PBXBuildFile; productRef = 648C6E122CF4224100C03BAD /* KakaoSDKAuth */; };
		99A369F2BEF04590E52BF576 /* Pods_home_s_on_fe.framework in Frameworks */ = {isa = PBXBuildFile; fileRef = 82CF299C0F57910554B9CF0A /* Pods_home_s_on_fe.framework */; };
		D49395532CF8176E003F0521 /* AppleLoginViewModel.swift in Sources */ = {isa = PBXBuildFile; fileRef = D49395422CF8176E003F0521 /* AppleLoginViewModel.swift */; };
		D49395542CF8176E003F0521 /* TaskRowView.swift in Sources */ = {isa = PBXBuildFile; fileRef = D493953D2CF8176E003F0521 /* TaskRowView.swift */; };
		D49395552CF8176E003F0521 /* EmailLoginView.swift in Sources */ = {isa = PBXBuildFile; fileRef = D49395312CF8176E003F0521 /* EmailLoginView.swift */; };
		D49395562CF8176E003F0521 /* Task.swift in Sources */ = {isa = PBXBuildFile; fileRef = D49395172CF8176E003F0521 /* Task.swift */; };
		D49395572CF8176E003F0521 /* HouseRoom.swift in Sources */ = {isa = PBXBuildFile; fileRef = D49395152CF8176E003F0521 /* HouseRoom.swift */; };
		D49395582CF8176E003F0521 /* LoginView.swift in Sources */ = {isa = PBXBuildFile; fileRef = D49395332CF8176E003F0521 /* LoginView.swift */; };
		D49395592CF8176E003F0521 /* ProfileViewModel.swift in Sources */ = {isa = PBXBuildFile; fileRef = D49395452CF8176E003F0521 /* ProfileViewModel.swift */; };
		D493955A2CF8176E003F0521 /* KakaoLoginViewModel.swift in Sources */ = {isa = PBXBuildFile; fileRef = D49395432CF8176E003F0521 /* KakaoLoginViewModel.swift */; };
		D493955B2CF8176E003F0521 /* EmailSignUpView.swift in Sources */ = {isa = PBXBuildFile; fileRef = D49395322CF8176E003F0521 /* EmailSignUpView.swift */; };
		D493955C2CF8176E003F0521 /* ContentView.swift in Sources */ = {isa = PBXBuildFile; fileRef = D493954E2CF8176E003F0521 /* ContentView.swift */; };
		D493955D2CF8176E003F0521 /* KakaoShareViewModel.swift in Sources */ = {isa = PBXBuildFile; fileRef = D493954A2CF8176E003F0521 /* KakaoShareViewModel.swift */; };
		D493955E2CF8176E003F0521 /* DateSelectionView.swift in Sources */ = {isa = PBXBuildFile; fileRef = D49395392CF8176E003F0521 /* DateSelectionView.swift */; };
		D493955F2CF8176E003F0521 /* AssigneeSelectionView.swift in Sources */ = {isa = PBXBuildFile; fileRef = D49395382CF8176E003F0521 /* AssigneeSelectionView.swift */; };
		D49395602CF8176E003F0521 /* EntryOptionButton.swift in Sources */ = {isa = PBXBuildFile; fileRef = D49395242CF8176E003F0521 /* EntryOptionButton.swift */; };
		D49395612CF8176E003F0521 /* CustomActionButton.swift in Sources */ = {isa = PBXBuildFile; fileRef = D493951E2CF8176E003F0521 /* CustomActionButton.swift */; };
		D49395622CF8176E003F0521 /* KakaoLoginView.swift in Sources */ = {isa = PBXBuildFile; fileRef = D493952F2CF8176E003F0521 /* KakaoLoginView.swift */; };
		D49395632CF8176E003F0521 /* MyTaskListView.swift in Sources */ = {isa = PBXBuildFile; fileRef = D493953A2CF8176E003F0521 /* MyTaskListView.swift */; };
		D49395642CF8176E003F0521 /* LoginViewModel.swift in Sources */ = {isa = PBXBuildFile; fileRef = D49395442CF8176E003F0521 /* LoginViewModel.swift */; };
		D49395652CF8176E003F0521 /* LoginType.swift in Sources */ = {isa = PBXBuildFile; fileRef = D49395162CF8176E003F0521 /* LoginType.swift */; };
		D49395662CF8176E003F0521 /* WideImageButton.swift in Sources */ = {isa = PBXBuildFile; fileRef = D49395222CF8176E003F0521 /* WideImageButton.swift */; };
		D49395672CF8176E003F0521 /* RoundImage.swift in Sources */ = {isa = PBXBuildFile; fileRef = D49395212CF8176E003F0521 /* RoundImage.swift */; };
		D49395682CF8176E003F0521 /* InviteMemberView.swift in Sources */ = {isa = PBXBuildFile; fileRef = D49395292CF8176E003F0521 /* InviteMemberView.swift */; };
		D49395692CF8176E003F0521 /* EnterInviteCodeView.swift in Sources */ = {isa = PBXBuildFile; fileRef = D49395262CF8176E003F0521 /* EnterInviteCodeView.swift */; };
		D493956A2CF8176E003F0521 /* AppleLoginView.swift in Sources */ = {isa = PBXBuildFile; fileRef = D493952B2CF8176E003F0521 /* AppleLoginView.swift */; };
		D493956B2CF8176E003F0521 /* InviteCodeViewModel.swift in Sources */ = {isa = PBXBuildFile; fileRef = D49395492CF8176E003F0521 /* InviteCodeViewModel.swift */; };
		D493956C2CF8176E003F0521 /* APIManager.swift in Sources */ = {isa = PBXBuildFile; fileRef = D493951A2CF8176E003F0521 /* APIManager.swift */; };
		D493956D2CF8176E003F0521 /* MainView.swift in Sources */ = {isa = PBXBuildFile; fileRef = D49395402CF8176E003F0521 /* MainView.swift */; };
		D493956E2CF8176E003F0521 /* RoomSelectionView.swift in Sources */ = {isa = PBXBuildFile; fileRef = D493953B2CF8176E003F0521 /* RoomSelectionView.swift */; };
		D493956F2CF8176E003F0521 /* AddTaskView.swift in Sources */ = {isa = PBXBuildFile; fileRef = D49395372CF8176E003F0521 /* AddTaskView.swift */; };
		D49395702CF8176E003F0521 /* TaskViewModel.swift in Sources */ = {isa = PBXBuildFile; fileRef = D493954B2CF8176E003F0521 /* TaskViewModel.swift */; };
		D49395712CF8176E003F0521 /* ImagePicker.swift in Sources */ = {isa = PBXBuildFile; fileRef = D49395202CF8176E003F0521 /* ImagePicker.swift */; };
		D49395722CF8176E003F0521 /* User.swift in Sources */ = {isa = PBXBuildFile; fileRef = D49395182CF8176E003F0521 /* User.swift */; };
		D49395732CF8176E003F0521 /* TaskListView.swift in Sources */ = {isa = PBXBuildFile; fileRef = D493953C2CF8176E003F0521 /* TaskListView.swift */; };
		D49395742CF8176E003F0521 /* House.swift in Sources */ = {isa = PBXBuildFile; fileRef = D49395142CF8176E003F0521 /* House.swift */; };
		D49395752CF8176E003F0521 /* EntryView.swift in Sources */ = {isa = PBXBuildFile; fileRef = D493953F2CF8176E003F0521 /* EntryView.swift */; };
		D49395762CF8176E003F0521 /* ProfileEditView.swift in Sources */ = {isa = PBXBuildFile; fileRef = D49395352CF8176E003F0521 /* ProfileEditView.swift */; };
		D49395772CF8176E003F0521 /* HouseRoomViewModel.swift in Sources */ = {isa = PBXBuildFile; fileRef = D49395482CF8176E003F0521 /* HouseRoomViewModel.swift */; };
		D49395782CF8176E003F0521 /* CustomTextField.swift in Sources */ = {isa = PBXBuildFile; fileRef = D493951F2CF8176E003F0521 /* CustomTextField.swift */; };
		D49395792CF8176E003F0521 /* LoginButton.swift in Sources */ = {isa = PBXBuildFile; fileRef = D493952D2CF8176E003F0521 /* LoginButton.swift */; };
		D493957A2CF8176E003F0521 /* HomeEntryOptionsViewModel.swift in Sources */ = {isa = PBXBuildFile; fileRef = D49395472CF8176E003F0521 /* HomeEntryOptionsViewModel.swift */; };
		D493957B2CF8176E003F0521 /* home_s_on_feApp.swift in Sources */ = {isa = PBXBuildFile; fileRef = D493954F2CF8176E003F0521 /* home_s_on_feApp.swift */; };
		D493957C2CF8176E003F0521 /* HouseEntryOptionsView.swift in Sources */ = {isa = PBXBuildFile; fileRef = D49395272CF8176E003F0521 /* HouseEntryOptionsView.swift */; };
		D493957D2CF8176E003F0521 /* Assets.xcassets in Resources */ = {isa = PBXBuildFile; fileRef = D493954D2CF8176E003F0521 /* Assets.xcassets */; };
		D493957E2CF8176E003F0521 /* Preview Assets.xcassets in Resources */ = {isa = PBXBuildFile; fileRef = D493951C2CF8176E003F0521 /* Preview Assets.xcassets */; };
		D49397992CF83DE2003F0521 /* AddTaskButton.swift in Sources */ = {isa = PBXBuildFile; fileRef = D49397982CF83DE2003F0521 /* AddTaskButton.swift */; };
		E432B8712CED7E71006C3689 /* SVProgressHUD in Frameworks */ = {isa = PBXBuildFile; productRef = E432B8702CED7E71006C3689 /* SVProgressHUD */; };
		E445DE0B2CF01993008F632E /* Kingfisher in Frameworks */ = {isa = PBXBuildFile; productRef = E445DE0A2CF01993008F632E /* Kingfisher */; };
/* End PBXBuildFile section */

/* Begin PBXFileReference section */
		640290BE2CF858AE001F5545 /* Config.xcconfig */ = {isa = PBXFileReference; lastKnownFileType = text.xcconfig; path = Config.xcconfig; sourceTree = "<group>"; };
		82CF299C0F57910554B9CF0A /* Pods_home_s_on_fe.framework */ = {isa = PBXFileReference; explicitFileType = wrapper.framework; includeInIndex = 0; path = Pods_home_s_on_fe.framework; sourceTree = BUILT_PRODUCTS_DIR; };
		BDBCBC1974C689F5B9234BB2 /* Pods-home-s-on-fe.release.xcconfig */ = {isa = PBXFileReference; includeInIndex = 1; lastKnownFileType = text.xcconfig; name = "Pods-home-s-on-fe.release.xcconfig"; path = "Target Support Files/Pods-home-s-on-fe/Pods-home-s-on-fe.release.xcconfig"; sourceTree = "<group>"; };
		CE7E0D7960F03D46D4515D8D /* Pods-home-s-on-fe.debug.xcconfig */ = {isa = PBXFileReference; includeInIndex = 1; lastKnownFileType = text.xcconfig; name = "Pods-home-s-on-fe.debug.xcconfig"; path = "Target Support Files/Pods-home-s-on-fe/Pods-home-s-on-fe.debug.xcconfig"; sourceTree = "<group>"; };
		D49395142CF8176E003F0521 /* House.swift */ = {isa = PBXFileReference; lastKnownFileType = sourcecode.swift; path = House.swift; sourceTree = "<group>"; };
		D49395152CF8176E003F0521 /* HouseRoom.swift */ = {isa = PBXFileReference; lastKnownFileType = sourcecode.swift; path = HouseRoom.swift; sourceTree = "<group>"; };
		D49395162CF8176E003F0521 /* LoginType.swift */ = {isa = PBXFileReference; lastKnownFileType = sourcecode.swift; path = LoginType.swift; sourceTree = "<group>"; };
		D49395172CF8176E003F0521 /* Task.swift */ = {isa = PBXFileReference; lastKnownFileType = sourcecode.swift; path = Task.swift; sourceTree = "<group>"; };
		D49395182CF8176E003F0521 /* User.swift */ = {isa = PBXFileReference; lastKnownFileType = sourcecode.swift; path = User.swift; sourceTree = "<group>"; };
		D493951A2CF8176E003F0521 /* APIManager.swift */ = {isa = PBXFileReference; lastKnownFileType = sourcecode.swift; path = APIManager.swift; sourceTree = "<group>"; };
		D493951C2CF8176E003F0521 /* Preview Assets.xcassets */ = {isa = PBXFileReference; lastKnownFileType = folder.assetcatalog; path = "Preview Assets.xcassets"; sourceTree = "<group>"; };
		D493951E2CF8176E003F0521 /* CustomActionButton.swift */ = {isa = PBXFileReference; lastKnownFileType = sourcecode.swift; path = CustomActionButton.swift; sourceTree = "<group>"; };
		D493951F2CF8176E003F0521 /* CustomTextField.swift */ = {isa = PBXFileReference; lastKnownFileType = sourcecode.swift; path = CustomTextField.swift; sourceTree = "<group>"; };
		D49395202CF8176E003F0521 /* ImagePicker.swift */ = {isa = PBXFileReference; lastKnownFileType = sourcecode.swift; path = ImagePicker.swift; sourceTree = "<group>"; };
		D49395212CF8176E003F0521 /* RoundImage.swift */ = {isa = PBXFileReference; lastKnownFileType = sourcecode.swift; path = RoundImage.swift; sourceTree = "<group>"; };
		D49395222CF8176E003F0521 /* WideImageButton.swift */ = {isa = PBXFileReference; lastKnownFileType = sourcecode.swift; path = WideImageButton.swift; sourceTree = "<group>"; };
		D49395242CF8176E003F0521 /* EntryOptionButton.swift */ = {isa = PBXFileReference; lastKnownFileType = sourcecode.swift; path = EntryOptionButton.swift; sourceTree = "<group>"; };
		D49395262CF8176E003F0521 /* EnterInviteCodeView.swift */ = {isa = PBXFileReference; lastKnownFileType = sourcecode.swift; path = EnterInviteCodeView.swift; sourceTree = "<group>"; };
		D49395272CF8176E003F0521 /* HouseEntryOptionsView.swift */ = {isa = PBXFileReference; lastKnownFileType = sourcecode.swift; path = HouseEntryOptionsView.swift; sourceTree = "<group>"; };
		D49395292CF8176E003F0521 /* InviteMemberView.swift */ = {isa = PBXFileReference; lastKnownFileType = sourcecode.swift; path = InviteMemberView.swift; sourceTree = "<group>"; };
		D493952B2CF8176E003F0521 /* AppleLoginView.swift */ = {isa = PBXFileReference; lastKnownFileType = sourcecode.swift; path = AppleLoginView.swift; sourceTree = "<group>"; };
		D493952D2CF8176E003F0521 /* LoginButton.swift */ = {isa = PBXFileReference; lastKnownFileType = sourcecode.swift; path = LoginButton.swift; sourceTree = "<group>"; };
		D493952F2CF8176E003F0521 /* KakaoLoginView.swift */ = {isa = PBXFileReference; lastKnownFileType = sourcecode.swift; path = KakaoLoginView.swift; sourceTree = "<group>"; };
		D49395312CF8176E003F0521 /* EmailLoginView.swift */ = {isa = PBXFileReference; lastKnownFileType = sourcecode.swift; path = EmailLoginView.swift; sourceTree = "<group>"; };
		D49395322CF8176E003F0521 /* EmailSignUpView.swift */ = {isa = PBXFileReference; lastKnownFileType = sourcecode.swift; path = EmailSignUpView.swift; sourceTree = "<group>"; };
		D49395332CF8176E003F0521 /* LoginView.swift */ = {isa = PBXFileReference; lastKnownFileType = sourcecode.swift; path = LoginView.swift; sourceTree = "<group>"; };
		D49395352CF8176E003F0521 /* ProfileEditView.swift */ = {isa = PBXFileReference; lastKnownFileType = sourcecode.swift; path = ProfileEditView.swift; sourceTree = "<group>"; };
		D49395372CF8176E003F0521 /* AddTaskView.swift */ = {isa = PBXFileReference; lastKnownFileType = sourcecode.swift; path = AddTaskView.swift; sourceTree = "<group>"; };
		D49395382CF8176E003F0521 /* AssigneeSelectionView.swift */ = {isa = PBXFileReference; lastKnownFileType = sourcecode.swift; path = AssigneeSelectionView.swift; sourceTree = "<group>"; };
		D49395392CF8176E003F0521 /* DateSelectionView.swift */ = {isa = PBXFileReference; lastKnownFileType = sourcecode.swift; path = DateSelectionView.swift; sourceTree = "<group>"; };
		D493953A2CF8176E003F0521 /* MyTaskListView.swift */ = {isa = PBXFileReference; lastKnownFileType = sourcecode.swift; path = MyTaskListView.swift; sourceTree = "<group>"; };
		D493953B2CF8176E003F0521 /* RoomSelectionView.swift */ = {isa = PBXFileReference; lastKnownFileType = sourcecode.swift; path = RoomSelectionView.swift; sourceTree = "<group>"; };
		D493953C2CF8176E003F0521 /* TaskListView.swift */ = {isa = PBXFileReference; lastKnownFileType = sourcecode.swift; path = TaskListView.swift; sourceTree = "<group>"; };
		D493953D2CF8176E003F0521 /* TaskRowView.swift */ = {isa = PBXFileReference; lastKnownFileType = sourcecode.swift; path = TaskRowView.swift; sourceTree = "<group>"; };
		D493953F2CF8176E003F0521 /* EntryView.swift */ = {isa = PBXFileReference; lastKnownFileType = sourcecode.swift; path = EntryView.swift; sourceTree = "<group>"; };
		D49395402CF8176E003F0521 /* MainView.swift */ = {isa = PBXFileReference; lastKnownFileType = sourcecode.swift; path = MainView.swift; sourceTree = "<group>"; };
		D49395422CF8176E003F0521 /* AppleLoginViewModel.swift */ = {isa = PBXFileReference; lastKnownFileType = sourcecode.swift; path = AppleLoginViewModel.swift; sourceTree = "<group>"; };
		D49395432CF8176E003F0521 /* KakaoLoginViewModel.swift */ = {isa = PBXFileReference; lastKnownFileType = sourcecode.swift; path = KakaoLoginViewModel.swift; sourceTree = "<group>"; };
		D49395442CF8176E003F0521 /* LoginViewModel.swift */ = {isa = PBXFileReference; lastKnownFileType = sourcecode.swift; path = LoginViewModel.swift; sourceTree = "<group>"; };
		D49395452CF8176E003F0521 /* ProfileViewModel.swift */ = {isa = PBXFileReference; lastKnownFileType = sourcecode.swift; path = ProfileViewModel.swift; sourceTree = "<group>"; };
		D49395472CF8176E003F0521 /* HomeEntryOptionsViewModel.swift */ = {isa = PBXFileReference; lastKnownFileType = sourcecode.swift; path = HomeEntryOptionsViewModel.swift; sourceTree = "<group>"; };
		D49395482CF8176E003F0521 /* HouseRoomViewModel.swift */ = {isa = PBXFileReference; lastKnownFileType = sourcecode.swift; path = HouseRoomViewModel.swift; sourceTree = "<group>"; };
		D49395492CF8176E003F0521 /* InviteCodeViewModel.swift */ = {isa = PBXFileReference; lastKnownFileType = sourcecode.swift; path = InviteCodeViewModel.swift; sourceTree = "<group>"; };
		D493954A2CF8176E003F0521 /* KakaoShareViewModel.swift */ = {isa = PBXFileReference; lastKnownFileType = sourcecode.swift; path = KakaoShareViewModel.swift; sourceTree = "<group>"; };
		D493954B2CF8176E003F0521 /* TaskViewModel.swift */ = {isa = PBXFileReference; lastKnownFileType = sourcecode.swift; path = TaskViewModel.swift; sourceTree = "<group>"; };
		D493954D2CF8176E003F0521 /* Assets.xcassets */ = {isa = PBXFileReference; lastKnownFileType = folder.assetcatalog; path = Assets.xcassets; sourceTree = "<group>"; };
		D493954E2CF8176E003F0521 /* ContentView.swift */ = {isa = PBXFileReference; lastKnownFileType = sourcecode.swift; path = ContentView.swift; sourceTree = "<group>"; };
		D493954F2CF8176E003F0521 /* home_s_on_feApp.swift */ = {isa = PBXFileReference; lastKnownFileType = sourcecode.swift; path = home_s_on_feApp.swift; sourceTree = "<group>"; };
		D49395502CF8176E003F0521 /* home-s-on-fe.entitlements */ = {isa = PBXFileReference; lastKnownFileType = text.plist.entitlements; path = "home-s-on-fe.entitlements"; sourceTree = "<group>"; };
		D49395512CF8176E003F0521 /* Info.plist */ = {isa = PBXFileReference; lastKnownFileType = text.plist.xml; path = Info.plist; sourceTree = "<group>"; };
		D49397982CF83DE2003F0521 /* AddTaskButton.swift */ = {isa = PBXFileReference; lastKnownFileType = sourcecode.swift; path = AddTaskButton.swift; sourceTree = "<group>"; };
		E48BFB342CEAD1FB00AC13FC /* home-s-on-fe.app */ = {isa = PBXFileReference; explicitFileType = wrapper.application; includeInIndex = 0; path = "home-s-on-fe.app"; sourceTree = BUILT_PRODUCTS_DIR; };
/* End PBXFileReference section */

/* Begin PBXFileSystemSynchronizedBuildFileExceptionSet section */
		D493972C2CF8382D003F0521 /* Exceptions for "home-s-on-fe" folder in "home-s-on-fe" target */ = {
			isa = PBXFileSystemSynchronizedBuildFileExceptionSet;
			membershipExceptions = (
				Info.plist,
			);
			target = E48BFB332CEAD1FB00AC13FC /* home-s-on-fe */;
		};
/* End PBXFileSystemSynchronizedBuildFileExceptionSet section */

/* Begin PBXFileSystemSynchronizedRootGroup section */
		E48BFB362CEAD1FB00AC13FC /* home-s-on-fe */ = {
			isa = PBXFileSystemSynchronizedRootGroup;
			exceptions = (
				D493972C2CF8382D003F0521 /* Exceptions for "home-s-on-fe" folder in "home-s-on-fe" target */,
			);
			path = "home-s-on-fe";
			sourceTree = "<group>";
		};
/* End PBXFileSystemSynchronizedRootGroup section */

/* Begin PBXFrameworksBuildPhase section */
		E48BFB312CEAD1FB00AC13FC /* Frameworks */ = {
			isa = PBXFrameworksBuildPhase;
			buildActionMask = 2147483647;
			files = (
				64ECCF762CF48AED00282D41 /* KakaoSDKAuth in Frameworks */,
				64ECCF752CF48AED00282D41 /* KakaoSDKTemplate in Frameworks */,
				64ECCF742CF48AED00282D41 /* KakaoSDKShare in Frameworks */,
				64ECCF732CF48AED00282D41 /* KakaoSDKCommon in Frameworks */,
				E445DE0B2CF01993008F632E /* Kingfisher in Frameworks */,
				648C6E5B2CF422A800C03BAD /* Alamofire in Frameworks */,
				99A369F2BEF04590E52BF576 /* Pods_home_s_on_fe.framework in Frameworks */,
				E432B8712CED7E71006C3689 /* SVProgressHUD in Frameworks */,
			);
			runOnlyForDeploymentPostprocessing = 0;
		};
/* End PBXFrameworksBuildPhase section */

/* Begin PBXGroup section */
		BCA16CBC07BAF454B68A639F /* Pods */ = {
			isa = PBXGroup;
			children = (
				CE7E0D7960F03D46D4515D8D /* Pods-home-s-on-fe.debug.xcconfig */,
				BDBCBC1974C689F5B9234BB2 /* Pods-home-s-on-fe.release.xcconfig */,
			);
			path = Pods;
			sourceTree = "<group>";
		};
		D49395192CF8176E003F0521 /* Model */ = {
			isa = PBXGroup;
			children = (
				D49395142CF8176E003F0521 /* House.swift */,
				D49395152CF8176E003F0521 /* HouseRoom.swift */,
				D49395162CF8176E003F0521 /* LoginType.swift */,
				D49395172CF8176E003F0521 /* Task.swift */,
				D49395182CF8176E003F0521 /* User.swift */,
			);
			path = Model;
			sourceTree = "<group>";
		};
		D493951B2CF8176E003F0521 /* Networking */ = {
			isa = PBXGroup;
			children = (
				D493951A2CF8176E003F0521 /* APIManager.swift */,
			);
			path = Networking;
			sourceTree = "<group>";
		};
		D493951D2CF8176E003F0521 /* Preview Content */ = {
			isa = PBXGroup;
			children = (
				D493951C2CF8176E003F0521 /* Preview Assets.xcassets */,
			);
			path = "Preview Content";
			sourceTree = "<group>";
		};
		D49395232CF8176E003F0521 /* common */ = {
			isa = PBXGroup;
			children = (
				D493951E2CF8176E003F0521 /* CustomActionButton.swift */,
				D493951F2CF8176E003F0521 /* CustomTextField.swift */,
				D49395202CF8176E003F0521 /* ImagePicker.swift */,
				D49395212CF8176E003F0521 /* RoundImage.swift */,
				D49395222CF8176E003F0521 /* WideImageButton.swift */,
				D49397982CF83DE2003F0521 /* AddTaskButton.swift */,
			);
			path = common;
			sourceTree = "<group>";
		};
		D49395252CF8176E003F0521 /* component */ = {
			isa = PBXGroup;
			children = (
				D49395242CF8176E003F0521 /* EntryOptionButton.swift */,
			);
			path = component;
			sourceTree = "<group>";
		};
		D49395282CF8176E003F0521 /* HouseEntryOptions */ = {
			isa = PBXGroup;
			children = (
				D49395252CF8176E003F0521 /* component */,
				D49395262CF8176E003F0521 /* EnterInviteCodeView.swift */,
				D49395272CF8176E003F0521 /* HouseEntryOptionsView.swift */,
			);
			path = HouseEntryOptions;
			sourceTree = "<group>";
		};
		D493952A2CF8176E003F0521 /* Invite */ = {
			isa = PBXGroup;
			children = (
				D49395292CF8176E003F0521 /* InviteMemberView.swift */,
			);
			path = Invite;
			sourceTree = "<group>";
		};
		D493952C2CF8176E003F0521 /* AppleLogin */ = {
			isa = PBXGroup;
			children = (
				D493952B2CF8176E003F0521 /* AppleLoginView.swift */,
			);
			path = AppleLogin;
			sourceTree = "<group>";
		};
		D493952E2CF8176E003F0521 /* component */ = {
			isa = PBXGroup;
			children = (
				D493952D2CF8176E003F0521 /* LoginButton.swift */,
			);
			path = component;
			sourceTree = "<group>";
		};
		D49395302CF8176E003F0521 /* KakaoLogin */ = {
			isa = PBXGroup;
			children = (
				D493952F2CF8176E003F0521 /* KakaoLoginView.swift */,
			);
			path = KakaoLogin;
			sourceTree = "<group>";
		};
		D49395342CF8176E003F0521 /* Login */ = {
			isa = PBXGroup;
			children = (
				D493952C2CF8176E003F0521 /* AppleLogin */,
				D493952E2CF8176E003F0521 /* component */,
				D49395302CF8176E003F0521 /* KakaoLogin */,
				D49395312CF8176E003F0521 /* EmailLoginView.swift */,
				D49395322CF8176E003F0521 /* EmailSignUpView.swift */,
				D49395332CF8176E003F0521 /* LoginView.swift */,
			);
			path = Login;
			sourceTree = "<group>";
		};
		D49395362CF8176E003F0521 /* Profile */ = {
			isa = PBXGroup;
			children = (
				D49395352CF8176E003F0521 /* ProfileEditView.swift */,
			);
			path = Profile;
			sourceTree = "<group>";
		};
		D493953E2CF8176E003F0521 /* Task */ = {
			isa = PBXGroup;
			children = (
				D49395372CF8176E003F0521 /* AddTaskView.swift */,
				D49395382CF8176E003F0521 /* AssigneeSelectionView.swift */,
				D49395392CF8176E003F0521 /* DateSelectionView.swift */,
				D493953A2CF8176E003F0521 /* MyTaskListView.swift */,
				D493953B2CF8176E003F0521 /* RoomSelectionView.swift */,
				D493953C2CF8176E003F0521 /* TaskListView.swift */,
				D493953D2CF8176E003F0521 /* TaskRowView.swift */,
			);
			path = Task;
			sourceTree = "<group>";
		};
		D49395412CF8176E003F0521 /* View */ = {
			isa = PBXGroup;
			children = (
				D49395232CF8176E003F0521 /* common */,
				D49395282CF8176E003F0521 /* HouseEntryOptions */,
				D493952A2CF8176E003F0521 /* Invite */,
				D49395342CF8176E003F0521 /* Login */,
				D49395362CF8176E003F0521 /* Profile */,
				D493953E2CF8176E003F0521 /* Task */,
				D493953F2CF8176E003F0521 /* EntryView.swift */,
				D49395402CF8176E003F0521 /* MainView.swift */,
			);
			path = View;
			sourceTree = "<group>";
		};
		D49395462CF8176E003F0521 /* User */ = {
			isa = PBXGroup;
			children = (
				D49395422CF8176E003F0521 /* AppleLoginViewModel.swift */,
				D49395432CF8176E003F0521 /* KakaoLoginViewModel.swift */,
				D49395442CF8176E003F0521 /* LoginViewModel.swift */,
				D49395452CF8176E003F0521 /* ProfileViewModel.swift */,
			);
			path = User;
			sourceTree = "<group>";
		};
		D493954C2CF8176E003F0521 /* ViewModel */ = {
			isa = PBXGroup;
			children = (
				D49395462CF8176E003F0521 /* User */,
				D49395472CF8176E003F0521 /* HomeEntryOptionsViewModel.swift */,
				D49395482CF8176E003F0521 /* HouseRoomViewModel.swift */,
				D49395492CF8176E003F0521 /* InviteCodeViewModel.swift */,
				D493954A2CF8176E003F0521 /* KakaoShareViewModel.swift */,
				D493954B2CF8176E003F0521 /* TaskViewModel.swift */,
			);
			path = ViewModel;
			sourceTree = "<group>";
		};
		D49395522CF8176E003F0521 /* home-s-on-fe */ = {
			isa = PBXGroup;
			children = (
				D49395192CF8176E003F0521 /* Model */,
				D493951B2CF8176E003F0521 /* Networking */,
				D493951D2CF8176E003F0521 /* Preview Content */,
				D49395412CF8176E003F0521 /* View */,
				D493954C2CF8176E003F0521 /* ViewModel */,
				D493954D2CF8176E003F0521 /* Assets.xcassets */,
				D493954E2CF8176E003F0521 /* ContentView.swift */,
				D493954F2CF8176E003F0521 /* home_s_on_feApp.swift */,
				D49395502CF8176E003F0521 /* home-s-on-fe.entitlements */,
				D49395512CF8176E003F0521 /* Info.plist */,
			);
			path = "home-s-on-fe";
			sourceTree = "<group>";
		};
		E48BFB2B2CEAD1FB00AC13FC = {
			isa = PBXGroup;
			children = (

				640290BE2CF858AE001F5545 /* Config.xcconfig */,
				E48BFB362CEAD1FB00AC13FC /* home-s-on-fe */,
				E48BFB352CEAD1FB00AC13FC /* Products */,
				BCA16CBC07BAF454B68A639F /* Pods */,
				EB0CF434363EF9073E86E158 /* Frameworks */,
			);
			sourceTree = "<group>";
		};
		E48BFB352CEAD1FB00AC13FC /* Products */ = {
			isa = PBXGroup;
			children = (
				E48BFB342CEAD1FB00AC13FC /* home-s-on-fe.app */,
			);
			name = Products;
			sourceTree = "<group>";
		};
		EB0CF434363EF9073E86E158 /* Frameworks */ = {
			isa = PBXGroup;
			children = (
				82CF299C0F57910554B9CF0A /* Pods_home_s_on_fe.framework */,
			);
			name = Frameworks;
			sourceTree = "<group>";
		};
/* End PBXGroup section */

/* Begin PBXNativeTarget section */
		E48BFB332CEAD1FB00AC13FC /* home-s-on-fe */ = {
			isa = PBXNativeTarget;
			buildConfigurationList = E48BFB422CEAD1FC00AC13FC /* Build configuration list for PBXNativeTarget "home-s-on-fe" */;
			buildPhases = (
				563BEF7E9A681C9154E32A76 /* [CP] Check Pods Manifest.lock */,
				E48BFB302CEAD1FB00AC13FC /* Sources */,
				E48BFB312CEAD1FB00AC13FC /* Frameworks */,
				E48BFB322CEAD1FB00AC13FC /* Resources */,
				D24D482E33E3425A7EA07B62 /* [CP] Embed Pods Frameworks */,
			);
			buildRules = (
			);
			dependencies = (
			);
			fileSystemSynchronizedGroups = (
				E48BFB362CEAD1FB00AC13FC /* home-s-on-fe */,
			);
			name = "home-s-on-fe";
			packageProductDependencies = (
				E432B8702CED7E71006C3689 /* SVProgressHUD */,
				E445DE0A2CF01993008F632E /* Kingfisher */,
				648C6D822CF421D500C03BAD /* KakaoSDKCommon */,
				648C6DC92CF4221D00C03BAD /* KakaoSDKShare */,
				648C6DCB2CF4222B00C03BAD /* KakaoSDKTemplate */,
				648C6E122CF4224100C03BAD /* KakaoSDKAuth */,
				648C6E5A2CF422A800C03BAD /* Alamofire */,
			);
			productName = "home-s-on-fe";
			productReference = E48BFB342CEAD1FB00AC13FC /* home-s-on-fe.app */;
			productType = "com.apple.product-type.application";
		};
/* End PBXNativeTarget section */

/* Begin PBXProject section */
		E48BFB2C2CEAD1FB00AC13FC /* Project object */ = {
			isa = PBXProject;
			attributes = {
				BuildIndependentTargetsInParallel = 1;
				LastSwiftUpdateCheck = 1610;
				LastUpgradeCheck = 1610;
				TargetAttributes = {
					E48BFB332CEAD1FB00AC13FC = {
						CreatedOnToolsVersion = 16.1;
					};
				};
			};
			buildConfigurationList = E48BFB2F2CEAD1FB00AC13FC /* Build configuration list for PBXProject "home-s-on-fe" */;
			developmentRegion = en;
			hasScannedForEncodings = 0;
			knownRegions = (
				en,
				Base,
			);
			mainGroup = E48BFB2B2CEAD1FB00AC13FC;
			minimizedProjectReferenceProxies = 1;
			packageReferences = (
				E432B86F2CED7E71006C3689 /* XCRemoteSwiftPackageReference "SVProgressHUD" */,
				E445DE092CF01993008F632E /* XCRemoteSwiftPackageReference "Kingfisher" */,
				648C6D812CF421D500C03BAD /* XCRemoteSwiftPackageReference "kakao-ios-sdk" */,
				648C6E592CF422A800C03BAD /* XCRemoteSwiftPackageReference "Alamofire" */,
			);
			preferredProjectObjectVersion = 77;
			productRefGroup = E48BFB352CEAD1FB00AC13FC /* Products */;
			projectDirPath = "";
			projectRoot = "";
			targets = (
				E48BFB332CEAD1FB00AC13FC /* home-s-on-fe */,
			);
		};
/* End PBXProject section */

/* Begin PBXResourcesBuildPhase section */
		E48BFB322CEAD1FB00AC13FC /* Resources */ = {
			isa = PBXResourcesBuildPhase;
			buildActionMask = 2147483647;
			files = (

				640290BF2CF858AE001F5545 /* Config.xcconfig in Resources */,

			);
			runOnlyForDeploymentPostprocessing = 0;
		};
/* End PBXResourcesBuildPhase section */

/* Begin PBXShellScriptBuildPhase section */
		563BEF7E9A681C9154E32A76 /* [CP] Check Pods Manifest.lock */ = {
			isa = PBXShellScriptBuildPhase;
			buildActionMask = 2147483647;
			files = (
			);
			inputFileListPaths = (
			);
			inputPaths = (
				"${PODS_PODFILE_DIR_PATH}/Podfile.lock",
				"${PODS_ROOT}/Manifest.lock",
			);
			name = "[CP] Check Pods Manifest.lock";
			outputFileListPaths = (
			);
			outputPaths = (
				"$(DERIVED_FILE_DIR)/Pods-home-s-on-fe-checkManifestLockResult.txt",
			);
			runOnlyForDeploymentPostprocessing = 0;
			shellPath = /bin/sh;
			shellScript = "diff \"${PODS_PODFILE_DIR_PATH}/Podfile.lock\" \"${PODS_ROOT}/Manifest.lock\" > /dev/null\nif [ $? != 0 ] ; then\n    # print error to STDERR\n    echo \"error: The sandbox is not in sync with the Podfile.lock. Run 'pod install' or update your CocoaPods installation.\" >&2\n    exit 1\nfi\n# This output is used by Xcode 'outputs' to avoid re-running this script phase.\necho \"SUCCESS\" > \"${SCRIPT_OUTPUT_FILE_0}\"\n";
			showEnvVarsInLog = 0;
		};
		D24D482E33E3425A7EA07B62 /* [CP] Embed Pods Frameworks */ = {
			isa = PBXShellScriptBuildPhase;
			buildActionMask = 2147483647;
			files = (
			);
			inputFileListPaths = (
				"${PODS_ROOT}/Target Support Files/Pods-home-s-on-fe/Pods-home-s-on-fe-frameworks-${CONFIGURATION}-input-files.xcfilelist",
			);
			name = "[CP] Embed Pods Frameworks";
			outputFileListPaths = (
				"${PODS_ROOT}/Target Support Files/Pods-home-s-on-fe/Pods-home-s-on-fe-frameworks-${CONFIGURATION}-output-files.xcfilelist",
			);
			runOnlyForDeploymentPostprocessing = 0;
			shellPath = /bin/sh;
			shellScript = "\"${PODS_ROOT}/Target Support Files/Pods-home-s-on-fe/Pods-home-s-on-fe-frameworks.sh\"\n";
			showEnvVarsInLog = 0;
		};
/* End PBXShellScriptBuildPhase section */

/* Begin PBXSourcesBuildPhase section */
		E48BFB302CEAD1FB00AC13FC /* Sources */ = {
			isa = PBXSourcesBuildPhase;
			buildActionMask = 2147483647;
			files = (
				D49395532CF8176E003F0521 /* AppleLoginViewModel.swift in Sources */,
				D49395542CF8176E003F0521 /* TaskRowView.swift in Sources */,
				D49395552CF8176E003F0521 /* EmailLoginView.swift in Sources */,
				D49395562CF8176E003F0521 /* Task.swift in Sources */,
				D49395572CF8176E003F0521 /* HouseRoom.swift in Sources */,
				D49395582CF8176E003F0521 /* LoginView.swift in Sources */,
				D49395592CF8176E003F0521 /* ProfileViewModel.swift in Sources */,
				D493955A2CF8176E003F0521 /* KakaoLoginViewModel.swift in Sources */,
				D493955B2CF8176E003F0521 /* EmailSignUpView.swift in Sources */,
				D493955C2CF8176E003F0521 /* ContentView.swift in Sources */,
				D493955D2CF8176E003F0521 /* KakaoShareViewModel.swift in Sources */,
				D493955E2CF8176E003F0521 /* DateSelectionView.swift in Sources */,
				D493955F2CF8176E003F0521 /* AssigneeSelectionView.swift in Sources */,
				D49395602CF8176E003F0521 /* EntryOptionButton.swift in Sources */,
				D49397992CF83DE2003F0521 /* AddTaskButton.swift in Sources */,
				D49395612CF8176E003F0521 /* CustomActionButton.swift in Sources */,
				D49395622CF8176E003F0521 /* KakaoLoginView.swift in Sources */,
				D49395632CF8176E003F0521 /* MyTaskListView.swift in Sources */,
				D49395642CF8176E003F0521 /* LoginViewModel.swift in Sources */,
				D49395652CF8176E003F0521 /* LoginType.swift in Sources */,
				D49395662CF8176E003F0521 /* WideImageButton.swift in Sources */,
				D49395672CF8176E003F0521 /* RoundImage.swift in Sources */,
				D49395682CF8176E003F0521 /* InviteMemberView.swift in Sources */,
				D49395692CF8176E003F0521 /* EnterInviteCodeView.swift in Sources */,
				D493956A2CF8176E003F0521 /* AppleLoginView.swift in Sources */,
				D493956B2CF8176E003F0521 /* InviteCodeViewModel.swift in Sources */,
				D493956C2CF8176E003F0521 /* APIManager.swift in Sources */,
				D493956D2CF8176E003F0521 /* MainView.swift in Sources */,
				D493956E2CF8176E003F0521 /* RoomSelectionView.swift in Sources */,
				D493956F2CF8176E003F0521 /* AddTaskView.swift in Sources */,
				D49395702CF8176E003F0521 /* TaskViewModel.swift in Sources */,
				D49395712CF8176E003F0521 /* ImagePicker.swift in Sources */,
				D49395722CF8176E003F0521 /* User.swift in Sources */,
				D49395732CF8176E003F0521 /* TaskListView.swift in Sources */,
				D49395742CF8176E003F0521 /* House.swift in Sources */,
				D49395752CF8176E003F0521 /* EntryView.swift in Sources */,
				D49395762CF8176E003F0521 /* ProfileEditView.swift in Sources */,
				D49395772CF8176E003F0521 /* HouseRoomViewModel.swift in Sources */,
				D49395782CF8176E003F0521 /* CustomTextField.swift in Sources */,
				D49395792CF8176E003F0521 /* LoginButton.swift in Sources */,
				D493957A2CF8176E003F0521 /* HomeEntryOptionsViewModel.swift in Sources */,
				D493957B2CF8176E003F0521 /* home_s_on_feApp.swift in Sources */,
				D493957C2CF8176E003F0521 /* HouseEntryOptionsView.swift in Sources */,
			);
			runOnlyForDeploymentPostprocessing = 0;
		};
/* End PBXSourcesBuildPhase section */

/* Begin XCBuildConfiguration section */
		E48BFB402CEAD1FC00AC13FC /* Debug */ = {
			isa = XCBuildConfiguration;
			buildSettings = {
				ALWAYS_SEARCH_USER_PATHS = NO;
				ASSETCATALOG_COMPILER_GENERATE_SWIFT_ASSET_SYMBOL_EXTENSIONS = YES;
				CLANG_ANALYZER_NONNULL = YES;
				CLANG_ANALYZER_NUMBER_OBJECT_CONVERSION = YES_AGGRESSIVE;
				CLANG_CXX_LANGUAGE_STANDARD = "gnu++20";
				CLANG_ENABLE_MODULES = YES;
				CLANG_ENABLE_OBJC_ARC = YES;
				CLANG_ENABLE_OBJC_WEAK = YES;
				CLANG_WARN_BLOCK_CAPTURE_AUTORELEASING = YES;
				CLANG_WARN_BOOL_CONVERSION = YES;
				CLANG_WARN_COMMA = YES;
				CLANG_WARN_CONSTANT_CONVERSION = YES;
				CLANG_WARN_DEPRECATED_OBJC_IMPLEMENTATIONS = YES;
				CLANG_WARN_DIRECT_OBJC_ISA_USAGE = YES_ERROR;
				CLANG_WARN_DOCUMENTATION_COMMENTS = YES;
				CLANG_WARN_EMPTY_BODY = YES;
				CLANG_WARN_ENUM_CONVERSION = YES;
				CLANG_WARN_INFINITE_RECURSION = YES;
				CLANG_WARN_INT_CONVERSION = YES;
				CLANG_WARN_NON_LITERAL_NULL_CONVERSION = YES;
				CLANG_WARN_OBJC_IMPLICIT_RETAIN_SELF = YES;
				CLANG_WARN_OBJC_LITERAL_CONVERSION = YES;
				CLANG_WARN_OBJC_ROOT_CLASS = YES_ERROR;
				CLANG_WARN_QUOTED_INCLUDE_IN_FRAMEWORK_HEADER = YES;
				CLANG_WARN_RANGE_LOOP_ANALYSIS = YES;
				CLANG_WARN_STRICT_PROTOTYPES = YES;
				CLANG_WARN_SUSPICIOUS_MOVE = YES;
				CLANG_WARN_UNGUARDED_AVAILABILITY = YES_AGGRESSIVE;
				CLANG_WARN_UNREACHABLE_CODE = YES;
				CLANG_WARN__DUPLICATE_METHOD_MATCH = YES;
				COPY_PHASE_STRIP = NO;
				DEBUG_INFORMATION_FORMAT = dwarf;
				ENABLE_STRICT_OBJC_MSGSEND = YES;
				ENABLE_TESTABILITY = YES;
				ENABLE_USER_SCRIPT_SANDBOXING = NO;
				GCC_C_LANGUAGE_STANDARD = gnu17;
				GCC_DYNAMIC_NO_PIC = NO;
				GCC_NO_COMMON_BLOCKS = YES;
				GCC_OPTIMIZATION_LEVEL = 0;
				GCC_PREPROCESSOR_DEFINITIONS = (
					"DEBUG=1",
					"$(inherited)",
				);
				GCC_WARN_64_TO_32_BIT_CONVERSION = YES;
				GCC_WARN_ABOUT_RETURN_TYPE = YES_ERROR;
				GCC_WARN_UNDECLARED_SELECTOR = YES;
				GCC_WARN_UNINITIALIZED_AUTOS = YES_AGGRESSIVE;
				GCC_WARN_UNUSED_FUNCTION = YES;
				GCC_WARN_UNUSED_VARIABLE = YES;
				IPHONEOS_DEPLOYMENT_TARGET = 18.1;
				LOCALIZATION_PREFERS_STRING_CATALOGS = YES;
				MTL_ENABLE_DEBUG_INFO = INCLUDE_SOURCE;
				MTL_FAST_MATH = YES;
				ONLY_ACTIVE_ARCH = YES;
				SDKROOT = iphoneos;
				SWIFT_ACTIVE_COMPILATION_CONDITIONS = "DEBUG $(inherited)";
				SWIFT_OPTIMIZATION_LEVEL = "-Onone";
			};
			name = Debug;
		};
		E48BFB412CEAD1FC00AC13FC /* Release */ = {
			isa = XCBuildConfiguration;
			buildSettings = {
				ALWAYS_SEARCH_USER_PATHS = NO;
				ASSETCATALOG_COMPILER_GENERATE_SWIFT_ASSET_SYMBOL_EXTENSIONS = YES;
				CLANG_ANALYZER_NONNULL = YES;
				CLANG_ANALYZER_NUMBER_OBJECT_CONVERSION = YES_AGGRESSIVE;
				CLANG_CXX_LANGUAGE_STANDARD = "gnu++20";
				CLANG_ENABLE_MODULES = YES;
				CLANG_ENABLE_OBJC_ARC = YES;
				CLANG_ENABLE_OBJC_WEAK = YES;
				CLANG_WARN_BLOCK_CAPTURE_AUTORELEASING = YES;
				CLANG_WARN_BOOL_CONVERSION = YES;
				CLANG_WARN_COMMA = YES;
				CLANG_WARN_CONSTANT_CONVERSION = YES;
				CLANG_WARN_DEPRECATED_OBJC_IMPLEMENTATIONS = YES;
				CLANG_WARN_DIRECT_OBJC_ISA_USAGE = YES_ERROR;
				CLANG_WARN_DOCUMENTATION_COMMENTS = YES;
				CLANG_WARN_EMPTY_BODY = YES;
				CLANG_WARN_ENUM_CONVERSION = YES;
				CLANG_WARN_INFINITE_RECURSION = YES;
				CLANG_WARN_INT_CONVERSION = YES;
				CLANG_WARN_NON_LITERAL_NULL_CONVERSION = YES;
				CLANG_WARN_OBJC_IMPLICIT_RETAIN_SELF = YES;
				CLANG_WARN_OBJC_LITERAL_CONVERSION = YES;
				CLANG_WARN_OBJC_ROOT_CLASS = YES_ERROR;
				CLANG_WARN_QUOTED_INCLUDE_IN_FRAMEWORK_HEADER = YES;
				CLANG_WARN_RANGE_LOOP_ANALYSIS = YES;
				CLANG_WARN_STRICT_PROTOTYPES = YES;
				CLANG_WARN_SUSPICIOUS_MOVE = YES;
				CLANG_WARN_UNGUARDED_AVAILABILITY = YES_AGGRESSIVE;
				CLANG_WARN_UNREACHABLE_CODE = YES;
				CLANG_WARN__DUPLICATE_METHOD_MATCH = YES;
				COPY_PHASE_STRIP = NO;
				DEBUG_INFORMATION_FORMAT = "dwarf-with-dsym";
				ENABLE_NS_ASSERTIONS = NO;
				ENABLE_STRICT_OBJC_MSGSEND = YES;
				ENABLE_USER_SCRIPT_SANDBOXING = NO;
				GCC_C_LANGUAGE_STANDARD = gnu17;
				GCC_NO_COMMON_BLOCKS = YES;
				GCC_WARN_64_TO_32_BIT_CONVERSION = YES;
				GCC_WARN_ABOUT_RETURN_TYPE = YES_ERROR;
				GCC_WARN_UNDECLARED_SELECTOR = YES;
				GCC_WARN_UNINITIALIZED_AUTOS = YES_AGGRESSIVE;
				GCC_WARN_UNUSED_FUNCTION = YES;
				GCC_WARN_UNUSED_VARIABLE = YES;
				IPHONEOS_DEPLOYMENT_TARGET = 18.1;
				LOCALIZATION_PREFERS_STRING_CATALOGS = YES;
				MTL_ENABLE_DEBUG_INFO = NO;
				MTL_FAST_MATH = YES;
				SDKROOT = iphoneos;
				SWIFT_COMPILATION_MODE = wholemodule;
				VALIDATE_PRODUCT = YES;
			};
			name = Release;
		};
		E48BFB432CEAD1FC00AC13FC /* Debug */ = {
			isa = XCBuildConfiguration;
			baseConfigurationReference = CE7E0D7960F03D46D4515D8D /* Pods-home-s-on-fe.debug.xcconfig */;
			buildSettings = {
				ASSETCATALOG_COMPILER_APPICON_NAME = AppIcon;
				ASSETCATALOG_COMPILER_GLOBAL_ACCENT_COLOR_NAME = AccentColor;
				CODE_SIGN_ENTITLEMENTS = "home-s-on-fe/home-s-on-fe.entitlements";
				CODE_SIGN_STYLE = Automatic;
				CURRENT_PROJECT_VERSION = 1;
				DEVELOPMENT_ASSET_PATHS = "\"home-s-on-fe/Preview Content\"";
				DEVELOPMENT_TEAM = 8YXQMG6LKS;
				ENABLE_PREVIEWS = YES;
				GENERATE_INFOPLIST_FILE = YES;
				INFOPLIST_FILE = "home-s-on-fe/Info.plist";
				INFOPLIST_KEY_UIApplicationSceneManifest_Generation = YES;
				INFOPLIST_KEY_UIApplicationSupportsIndirectInputEvents = YES;
				INFOPLIST_KEY_UILaunchScreen_Generation = YES;
				INFOPLIST_KEY_UISupportedInterfaceOrientations_iPad = "UIInterfaceOrientationPortrait UIInterfaceOrientationPortraitUpsideDown UIInterfaceOrientationLandscapeLeft UIInterfaceOrientationLandscapeRight";
				INFOPLIST_KEY_UISupportedInterfaceOrientations_iPhone = "UIInterfaceOrientationPortrait UIInterfaceOrientationLandscapeLeft UIInterfaceOrientationLandscapeRight";
				LD_RUNPATH_SEARCH_PATHS = (
					"$(inherited)",
					"@executable_path/Frameworks",
				);
				MARKETING_VERSION = 1.0;
				PRODUCT_BUNDLE_IDENTIFIER = kr.or.womanup.nambu.song.homesonfe;
				PRODUCT_NAME = "$(TARGET_NAME)";
				SWIFT_EMIT_LOC_STRINGS = YES;
				SWIFT_VERSION = 5.0;
				TARGETED_DEVICE_FAMILY = "1,2";
			};
			name = Debug;
		};
		E48BFB442CEAD1FC00AC13FC /* Release */ = {
			isa = XCBuildConfiguration;
			baseConfigurationReference = BDBCBC1974C689F5B9234BB2 /* Pods-home-s-on-fe.release.xcconfig */;
			buildSettings = {
				ASSETCATALOG_COMPILER_APPICON_NAME = AppIcon;
				ASSETCATALOG_COMPILER_GLOBAL_ACCENT_COLOR_NAME = AccentColor;
				CODE_SIGN_ENTITLEMENTS = "home-s-on-fe/home-s-on-fe.entitlements";
				CODE_SIGN_STYLE = Automatic;
				CURRENT_PROJECT_VERSION = 1;
				DEVELOPMENT_ASSET_PATHS = "\"home-s-on-fe/Preview Content\"";
				DEVELOPMENT_TEAM = 8YXQMG6LKS;
				ENABLE_PREVIEWS = YES;
				GENERATE_INFOPLIST_FILE = YES;
				INFOPLIST_FILE = "home-s-on-fe/Info.plist";
				INFOPLIST_KEY_UIApplicationSceneManifest_Generation = YES;
				INFOPLIST_KEY_UIApplicationSupportsIndirectInputEvents = YES;
				INFOPLIST_KEY_UILaunchScreen_Generation = YES;
				INFOPLIST_KEY_UISupportedInterfaceOrientations_iPad = "UIInterfaceOrientationPortrait UIInterfaceOrientationPortraitUpsideDown UIInterfaceOrientationLandscapeLeft UIInterfaceOrientationLandscapeRight";
				INFOPLIST_KEY_UISupportedInterfaceOrientations_iPhone = "UIInterfaceOrientationPortrait UIInterfaceOrientationLandscapeLeft UIInterfaceOrientationLandscapeRight";
				LD_RUNPATH_SEARCH_PATHS = (
					"$(inherited)",
					"@executable_path/Frameworks",
				);
				MARKETING_VERSION = 1.0;
				PRODUCT_BUNDLE_IDENTIFIER = kr.or.womanup.nambu.song.homesonfe;
				PRODUCT_NAME = "$(TARGET_NAME)";
				SWIFT_EMIT_LOC_STRINGS = YES;
				SWIFT_VERSION = 5.0;
				TARGETED_DEVICE_FAMILY = "1,2";
			};
			name = Release;
		};
/* End XCBuildConfiguration section */

/* Begin XCConfigurationList section */
		E48BFB2F2CEAD1FB00AC13FC /* Build configuration list for PBXProject "home-s-on-fe" */ = {
			isa = XCConfigurationList;
			buildConfigurations = (
				E48BFB402CEAD1FC00AC13FC /* Debug */,
				E48BFB412CEAD1FC00AC13FC /* Release */,
			);
			defaultConfigurationIsVisible = 0;
			defaultConfigurationName = Release;
		};
		E48BFB422CEAD1FC00AC13FC /* Build configuration list for PBXNativeTarget "home-s-on-fe" */ = {
			isa = XCConfigurationList;
			buildConfigurations = (
				E48BFB432CEAD1FC00AC13FC /* Debug */,
				E48BFB442CEAD1FC00AC13FC /* Release */,
			);
			defaultConfigurationIsVisible = 0;
			defaultConfigurationName = Release;
		};
/* End XCConfigurationList section */

/* Begin XCRemoteSwiftPackageReference section */
		648C6D812CF421D500C03BAD /* XCRemoteSwiftPackageReference "kakao-ios-sdk" */ = {
			isa = XCRemoteSwiftPackageReference;
			repositoryURL = "https://github.com/kakao/kakao-ios-sdk";
			requirement = {
				kind = upToNextMajorVersion;
				minimumVersion = 2.23.0;
			};
		};
		648C6E592CF422A800C03BAD /* XCRemoteSwiftPackageReference "Alamofire" */ = {
			isa = XCRemoteSwiftPackageReference;
			repositoryURL = "https://github.com/Alamofire/Alamofire.git";
			requirement = {
				kind = upToNextMajorVersion;
				minimumVersion = 5.10.1;
			};
		};
		E432B86F2CED7E71006C3689 /* XCRemoteSwiftPackageReference "SVProgressHUD" */ = {
			isa = XCRemoteSwiftPackageReference;
			repositoryURL = "https://github.com/SVProgressHUD/SVProgressHUD.git";
			requirement = {
				kind = upToNextMajorVersion;
				minimumVersion = 2.3.1;
			};
		};
		E445DE092CF01993008F632E /* XCRemoteSwiftPackageReference "Kingfisher" */ = {
			isa = XCRemoteSwiftPackageReference;
			repositoryURL = "https://github.com/onevcat/Kingfisher.git";
			requirement = {
				kind = upToNextMajorVersion;
				minimumVersion = 8.1.1;
			};
		};
/* End XCRemoteSwiftPackageReference section */

/* Begin XCSwiftPackageProductDependency section */
		648C6D822CF421D500C03BAD /* KakaoSDKCommon */ = {
			isa = XCSwiftPackageProductDependency;
			package = 648C6D812CF421D500C03BAD /* XCRemoteSwiftPackageReference "kakao-ios-sdk" */;
			productName = KakaoSDKCommon;
		};
		648C6DC92CF4221D00C03BAD /* KakaoSDKShare */ = {
			isa = XCSwiftPackageProductDependency;
			package = 648C6D812CF421D500C03BAD /* XCRemoteSwiftPackageReference "kakao-ios-sdk" */;
			productName = KakaoSDKShare;
		};
		648C6DCB2CF4222B00C03BAD /* KakaoSDKTemplate */ = {
			isa = XCSwiftPackageProductDependency;
			package = 648C6D812CF421D500C03BAD /* XCRemoteSwiftPackageReference "kakao-ios-sdk" */;
			productName = KakaoSDKTemplate;
		};
		648C6E122CF4224100C03BAD /* KakaoSDKAuth */ = {
			isa = XCSwiftPackageProductDependency;
			package = 648C6D812CF421D500C03BAD /* XCRemoteSwiftPackageReference "kakao-ios-sdk" */;
			productName = KakaoSDKAuth;
		};
		648C6E5A2CF422A800C03BAD /* Alamofire */ = {
			isa = XCSwiftPackageProductDependency;
			package = 648C6E592CF422A800C03BAD /* XCRemoteSwiftPackageReference "Alamofire" */;
			productName = Alamofire;
		};
		E432B8702CED7E71006C3689 /* SVProgressHUD */ = {
			isa = XCSwiftPackageProductDependency;
			package = E432B86F2CED7E71006C3689 /* XCRemoteSwiftPackageReference "SVProgressHUD" */;
			productName = SVProgressHUD;
		};
		E445DE0A2CF01993008F632E /* Kingfisher */ = {
			isa = XCSwiftPackageProductDependency;
			package = E445DE092CF01993008F632E /* XCRemoteSwiftPackageReference "Kingfisher" */;
			productName = Kingfisher;
		};
/* End XCSwiftPackageProductDependency section */
	};
	rootObject = E48BFB2C2CEAD1FB00AC13FC /* Project object */;
}
