// !$*UTF8*$!
{
	archiveVersion = 1;
	classes = {
	};
	objectVersion = 77;
	objects = {

/* Begin PBXBuildFile section */
		648C6E5B2CF422A800C03BAD /* Alamofire in Frameworks */ = {isa = PBXBuildFile; productRef = 648C6E5A2CF422A800C03BAD /* Alamofire */; };
		64E8DC5F2CEE18520049E624 /* Config.xcconfig in Resources */ = {isa = PBXBuildFile; fileRef = 64E8DC5E2CEE18520049E624 /* Config.xcconfig */; };
		64ECCF732CF48AED00282D41 /* KakaoSDKCommon in Frameworks */ = {isa = PBXBuildFile; productRef = 648C6D822CF421D500C03BAD /* KakaoSDKCommon */; };
		64ECCF742CF48AED00282D41 /* KakaoSDKShare in Frameworks */ = {isa = PBXBuildFile; productRef = 648C6DC92CF4221D00C03BAD /* KakaoSDKShare */; };
		64ECCF752CF48AED00282D41 /* KakaoSDKTemplate in Frameworks */ = {isa = PBXBuildFile; productRef = 648C6DCB2CF4222B00C03BAD /* KakaoSDKTemplate */; };
		64ECCF762CF48AED00282D41 /* KakaoSDKAuth in Frameworks */ = {isa = PBXBuildFile; productRef = 648C6E122CF4224100C03BAD /* KakaoSDKAuth */; };
		99A369F2BEF04590E52BF576 /* Pods_home_s_on_fe.framework in Frameworks */ = {isa = PBXBuildFile; fileRef = 82CF299C0F57910554B9CF0A /* Pods_home_s_on_fe.framework */; };
		E41D78282CF80EB7006BD023 /* AppleLoginViewModel.swift in Sources */ = {isa = PBXBuildFile; fileRef = E41D78172CF80EB7006BD023 /* AppleLoginViewModel.swift */; };
		E41D78292CF80EB7006BD023 /* APIManager.swift in Sources */ = {isa = PBXBuildFile; fileRef = E41D77EF2CF80EB7006BD023 /* APIManager.swift */; };
		E41D782A2CF80EB7006BD023 /* ProfileEditView.swift in Sources */ = {isa = PBXBuildFile; fileRef = E41D780A2CF80EB7006BD023 /* ProfileEditView.swift */; };
		E41D782B2CF80EB7006BD023 /* CustomTextField.swift in Sources */ = {isa = PBXBuildFile; fileRef = E41D77F42CF80EB7006BD023 /* CustomTextField.swift */; };
		E41D782C2CF80EB7006BD023 /* InviteCodeViewModel.swift in Sources */ = {isa = PBXBuildFile; fileRef = E41D781E2CF80EB7006BD023 /* InviteCodeViewModel.swift */; };
		E41D782D2CF80EB7006BD023 /* User.swift in Sources */ = {isa = PBXBuildFile; fileRef = E41D77ED2CF80EB7006BD023 /* User.swift */; };
		E41D782E2CF80EB7006BD023 /* Task.swift in Sources */ = {isa = PBXBuildFile; fileRef = E41D77EC2CF80EB7006BD023 /* Task.swift */; };
		E41D782F2CF80EB7006BD023 /* HouseEntryOptionsView.swift in Sources */ = {isa = PBXBuildFile; fileRef = E41D77FC2CF80EB7006BD023 /* HouseEntryOptionsView.swift */; };
		E41D78302CF80EB7006BD023 /* HomeEntryOptionsViewModel.swift in Sources */ = {isa = PBXBuildFile; fileRef = E41D781C2CF80EB7006BD023 /* HomeEntryOptionsViewModel.swift */; };
		E41D78312CF80EB7006BD023 /* HouseRoomViewModel.swift in Sources */ = {isa = PBXBuildFile; fileRef = E41D781D2CF80EB7006BD023 /* HouseRoomViewModel.swift */; };
		E41D78322CF80EB7006BD023 /* HouseRoom.swift in Sources */ = {isa = PBXBuildFile; fileRef = E41D77EA2CF80EB7006BD023 /* HouseRoom.swift */; };
		E41D78332CF80EB7006BD023 /* KakaoLoginViewModel.swift in Sources */ = {isa = PBXBuildFile; fileRef = E41D78182CF80EB7006BD023 /* KakaoLoginViewModel.swift */; };
		E41D78342CF80EB7006BD023 /* LoginType.swift in Sources */ = {isa = PBXBuildFile; fileRef = E41D77EB2CF80EB7006BD023 /* LoginType.swift */; };
		E41D78352CF80EB7006BD023 /* EmailSignUpView.swift in Sources */ = {isa = PBXBuildFile; fileRef = E41D78072CF80EB7006BD023 /* EmailSignUpView.swift */; };
		E41D78362CF80EB7006BD023 /* LoginView.swift in Sources */ = {isa = PBXBuildFile; fileRef = E41D78082CF80EB7006BD023 /* LoginView.swift */; };
		E41D78372CF80EB7006BD023 /* home_s_on_feApp.swift in Sources */ = {isa = PBXBuildFile; fileRef = E41D78242CF80EB7006BD023 /* home_s_on_feApp.swift */; };
		E41D78382CF80EB7006BD023 /* AddTaskView.swift in Sources */ = {isa = PBXBuildFile; fileRef = E41D780C2CF80EB7006BD023 /* AddTaskView.swift */; };
		E41D78392CF80EB7006BD023 /* LoginButton.swift in Sources */ = {isa = PBXBuildFile; fileRef = E41D78022CF80EB7006BD023 /* LoginButton.swift */; };
		E41D783A2CF80EB7006BD023 /* RoomSelectionView.swift in Sources */ = {isa = PBXBuildFile; fileRef = E41D78102CF80EB7006BD023 /* RoomSelectionView.swift */; };
		E41D783B2CF80EB7006BD023 /* DateSelectionView.swift in Sources */ = {isa = PBXBuildFile; fileRef = E41D780E2CF80EB7006BD023 /* DateSelectionView.swift */; };
		E41D783C2CF80EB7006BD023 /* TaskListView.swift in Sources */ = {isa = PBXBuildFile; fileRef = E41D78112CF80EB7006BD023 /* TaskListView.swift */; };
		E41D783D2CF80EB7006BD023 /* EnterInviteCodeView.swift in Sources */ = {isa = PBXBuildFile; fileRef = E41D77FB2CF80EB7006BD023 /* EnterInviteCodeView.swift */; };
		E41D783E2CF80EB7006BD023 /* ContentView.swift in Sources */ = {isa = PBXBuildFile; fileRef = E41D78232CF80EB7006BD023 /* ContentView.swift */; };
		E41D783F2CF80EB7006BD023 /* KakaoLoginView.swift in Sources */ = {isa = PBXBuildFile; fileRef = E41D78042CF80EB7006BD023 /* KakaoLoginView.swift */; };
		E41D78402CF80EB7006BD023 /* AppleLoginView.swift in Sources */ = {isa = PBXBuildFile; fileRef = E41D78002CF80EB7006BD023 /* AppleLoginView.swift */; };
		E41D78412CF80EB7006BD023 /* RoundImage.swift in Sources */ = {isa = PBXBuildFile; fileRef = E41D77F62CF80EB7006BD023 /* RoundImage.swift */; };
		E41D78422CF80EB7006BD023 /* EmailLoginView.swift in Sources */ = {isa = PBXBuildFile; fileRef = E41D78062CF80EB7006BD023 /* EmailLoginView.swift */; };
		E41D78432CF80EB7006BD023 /* EntryOptionButton.swift in Sources */ = {isa = PBXBuildFile; fileRef = E41D77F92CF80EB7006BD023 /* EntryOptionButton.swift */; };
		E41D78442CF80EB7006BD023 /* EntryView.swift in Sources */ = {isa = PBXBuildFile; fileRef = E41D78142CF80EB7006BD023 /* EntryView.swift */; };
		E41D78452CF80EB7006BD023 /* ProfileViewModel.swift in Sources */ = {isa = PBXBuildFile; fileRef = E41D781A2CF80EB7006BD023 /* ProfileViewModel.swift */; };
		E41D78462CF80EB7006BD023 /* AssigneeSelectionView.swift in Sources */ = {isa = PBXBuildFile; fileRef = E41D780D2CF80EB7006BD023 /* AssigneeSelectionView.swift */; };
		E41D78472CF80EB7006BD023 /* House.swift in Sources */ = {isa = PBXBuildFile; fileRef = E41D77E92CF80EB7006BD023 /* House.swift */; };
		E41D78482CF80EB7006BD023 /* InviteMemberView.swift in Sources */ = {isa = PBXBuildFile; fileRef = E41D77FE2CF80EB7006BD023 /* InviteMemberView.swift */; };
		E41D78492CF80EB7006BD023 /* LoginViewModel.swift in Sources */ = {isa = PBXBuildFile; fileRef = E41D78192CF80EB7006BD023 /* LoginViewModel.swift */; };
		E41D784A2CF80EB7006BD023 /* MainView.swift in Sources */ = {isa = PBXBuildFile; fileRef = E41D78152CF80EB7006BD023 /* MainView.swift */; };
		E41D784B2CF80EB7006BD023 /* TaskViewModel.swift in Sources */ = {isa = PBXBuildFile; fileRef = E41D78202CF80EB7006BD023 /* TaskViewModel.swift */; };
		E41D784C2CF80EB7006BD023 /* ImagePicker.swift in Sources */ = {isa = PBXBuildFile; fileRef = E41D77F52CF80EB7006BD023 /* ImagePicker.swift */; };
		E41D784D2CF80EB7006BD023 /* WideImageButton.swift in Sources */ = {isa = PBXBuildFile; fileRef = E41D77F72CF80EB7006BD023 /* WideImageButton.swift */; };
		E41D784E2CF80EB7006BD023 /* MyTaskListView.swift in Sources */ = {isa = PBXBuildFile; fileRef = E41D780F2CF80EB7006BD023 /* MyTaskListView.swift */; };
		E41D784F2CF80EB7006BD023 /* CustomActionButton.swift in Sources */ = {isa = PBXBuildFile; fileRef = E41D77F32CF80EB7006BD023 /* CustomActionButton.swift */; };
		E41D78502CF80EB7006BD023 /* TaskRowView.swift in Sources */ = {isa = PBXBuildFile; fileRef = E41D78122CF80EB7006BD023 /* TaskRowView.swift */; };
		E41D78512CF80EB7006BD023 /* KakaoShareViewModel.swift in Sources */ = {isa = PBXBuildFile; fileRef = E41D781F2CF80EB7006BD023 /* KakaoShareViewModel.swift */; };
		E41D78522CF80EB7006BD023 /* Preview Assets.xcassets in Resources */ = {isa = PBXBuildFile; fileRef = E41D77F12CF80EB7006BD023 /* Preview Assets.xcassets */; };
		E41D78542CF80EB7006BD023 /* Assets.xcassets in Resources */ = {isa = PBXBuildFile; fileRef = E41D78222CF80EB7006BD023 /* Assets.xcassets */; };
		E432B8712CED7E71006C3689 /* SVProgressHUD in Frameworks */ = {isa = PBXBuildFile; productRef = E432B8702CED7E71006C3689 /* SVProgressHUD */; };
		E445DE0B2CF01993008F632E /* Kingfisher in Frameworks */ = {isa = PBXBuildFile; productRef = E445DE0A2CF01993008F632E /* Kingfisher */; };
/* End PBXBuildFile section */

/* Begin PBXFileReference section */
		64E8DC5E2CEE18520049E624 /* Config.xcconfig */ = {isa = PBXFileReference; lastKnownFileType = text.xcconfig; path = Config.xcconfig; sourceTree = "<group>"; };
		82CF299C0F57910554B9CF0A /* Pods_home_s_on_fe.framework */ = {isa = PBXFileReference; explicitFileType = wrapper.framework; includeInIndex = 0; path = Pods_home_s_on_fe.framework; sourceTree = BUILT_PRODUCTS_DIR; };
		BDBCBC1974C689F5B9234BB2 /* Pods-home-s-on-fe.release.xcconfig */ = {isa = PBXFileReference; includeInIndex = 1; lastKnownFileType = text.xcconfig; name = "Pods-home-s-on-fe.release.xcconfig"; path = "Target Support Files/Pods-home-s-on-fe/Pods-home-s-on-fe.release.xcconfig"; sourceTree = "<group>"; };
		CE7E0D7960F03D46D4515D8D /* Pods-home-s-on-fe.debug.xcconfig */ = {isa = PBXFileReference; includeInIndex = 1; lastKnownFileType = text.xcconfig; name = "Pods-home-s-on-fe.debug.xcconfig"; path = "Target Support Files/Pods-home-s-on-fe/Pods-home-s-on-fe.debug.xcconfig"; sourceTree = "<group>"; };
		E41D77E92CF80EB7006BD023 /* House.swift */ = {isa = PBXFileReference; lastKnownFileType = sourcecode.swift; path = House.swift; sourceTree = "<group>"; };
		E41D77EA2CF80EB7006BD023 /* HouseRoom.swift */ = {isa = PBXFileReference; lastKnownFileType = sourcecode.swift; path = HouseRoom.swift; sourceTree = "<group>"; };
		E41D77EB2CF80EB7006BD023 /* LoginType.swift */ = {isa = PBXFileReference; lastKnownFileType = sourcecode.swift; path = LoginType.swift; sourceTree = "<group>"; };
		E41D77EC2CF80EB7006BD023 /* Task.swift */ = {isa = PBXFileReference; lastKnownFileType = sourcecode.swift; path = Task.swift; sourceTree = "<group>"; };
		E41D77ED2CF80EB7006BD023 /* User.swift */ = {isa = PBXFileReference; lastKnownFileType = sourcecode.swift; path = User.swift; sourceTree = "<group>"; };
		E41D77EF2CF80EB7006BD023 /* APIManager.swift */ = {isa = PBXFileReference; lastKnownFileType = sourcecode.swift; path = APIManager.swift; sourceTree = "<group>"; };
		E41D77F12CF80EB7006BD023 /* Preview Assets.xcassets */ = {isa = PBXFileReference; lastKnownFileType = folder.assetcatalog; path = "Preview Assets.xcassets"; sourceTree = "<group>"; };
		E41D77F32CF80EB7006BD023 /* CustomActionButton.swift */ = {isa = PBXFileReference; lastKnownFileType = sourcecode.swift; path = CustomActionButton.swift; sourceTree = "<group>"; };
		E41D77F42CF80EB7006BD023 /* CustomTextField.swift */ = {isa = PBXFileReference; lastKnownFileType = sourcecode.swift; path = CustomTextField.swift; sourceTree = "<group>"; };
		E41D77F52CF80EB7006BD023 /* ImagePicker.swift */ = {isa = PBXFileReference; lastKnownFileType = sourcecode.swift; path = ImagePicker.swift; sourceTree = "<group>"; };
		E41D77F62CF80EB7006BD023 /* RoundImage.swift */ = {isa = PBXFileReference; lastKnownFileType = sourcecode.swift; path = RoundImage.swift; sourceTree = "<group>"; };
		E41D77F72CF80EB7006BD023 /* WideImageButton.swift */ = {isa = PBXFileReference; lastKnownFileType = sourcecode.swift; path = WideImageButton.swift; sourceTree = "<group>"; };
		E41D77F92CF80EB7006BD023 /* EntryOptionButton.swift */ = {isa = PBXFileReference; lastKnownFileType = sourcecode.swift; path = EntryOptionButton.swift; sourceTree = "<group>"; };
		E41D77FB2CF80EB7006BD023 /* EnterInviteCodeView.swift */ = {isa = PBXFileReference; lastKnownFileType = sourcecode.swift; path = EnterInviteCodeView.swift; sourceTree = "<group>"; };
		E41D77FC2CF80EB7006BD023 /* HouseEntryOptionsView.swift */ = {isa = PBXFileReference; lastKnownFileType = sourcecode.swift; path = HouseEntryOptionsView.swift; sourceTree = "<group>"; };
		E41D77FE2CF80EB7006BD023 /* InviteMemberView.swift */ = {isa = PBXFileReference; lastKnownFileType = sourcecode.swift; path = InviteMemberView.swift; sourceTree = "<group>"; };
		E41D78002CF80EB7006BD023 /* AppleLoginView.swift */ = {isa = PBXFileReference; lastKnownFileType = sourcecode.swift; path = AppleLoginView.swift; sourceTree = "<group>"; };
		E41D78022CF80EB7006BD023 /* LoginButton.swift */ = {isa = PBXFileReference; lastKnownFileType = sourcecode.swift; path = LoginButton.swift; sourceTree = "<group>"; };
		E41D78042CF80EB7006BD023 /* KakaoLoginView.swift */ = {isa = PBXFileReference; lastKnownFileType = sourcecode.swift; path = KakaoLoginView.swift; sourceTree = "<group>"; };
		E41D78062CF80EB7006BD023 /* EmailLoginView.swift */ = {isa = PBXFileReference; lastKnownFileType = sourcecode.swift; path = EmailLoginView.swift; sourceTree = "<group>"; };
		E41D78072CF80EB7006BD023 /* EmailSignUpView.swift */ = {isa = PBXFileReference; lastKnownFileType = sourcecode.swift; path = EmailSignUpView.swift; sourceTree = "<group>"; };
		E41D78082CF80EB7006BD023 /* LoginView.swift */ = {isa = PBXFileReference; lastKnownFileType = sourcecode.swift; path = LoginView.swift; sourceTree = "<group>"; };
		E41D780A2CF80EB7006BD023 /* ProfileEditView.swift */ = {isa = PBXFileReference; lastKnownFileType = sourcecode.swift; path = ProfileEditView.swift; sourceTree = "<group>"; };
		E41D780C2CF80EB7006BD023 /* AddTaskView.swift */ = {isa = PBXFileReference; lastKnownFileType = sourcecode.swift; path = AddTaskView.swift; sourceTree = "<group>"; };
		E41D780D2CF80EB7006BD023 /* AssigneeSelectionView.swift */ = {isa = PBXFileReference; lastKnownFileType = sourcecode.swift; path = AssigneeSelectionView.swift; sourceTree = "<group>"; };
		E41D780E2CF80EB7006BD023 /* DateSelectionView.swift */ = {isa = PBXFileReference; lastKnownFileType = sourcecode.swift; path = DateSelectionView.swift; sourceTree = "<group>"; };
		E41D780F2CF80EB7006BD023 /* MyTaskListView.swift */ = {isa = PBXFileReference; lastKnownFileType = sourcecode.swift; path = MyTaskListView.swift; sourceTree = "<group>"; };
		E41D78102CF80EB7006BD023 /* RoomSelectionView.swift */ = {isa = PBXFileReference; lastKnownFileType = sourcecode.swift; path = RoomSelectionView.swift; sourceTree = "<group>"; };
		E41D78112CF80EB7006BD023 /* TaskListView.swift */ = {isa = PBXFileReference; lastKnownFileType = sourcecode.swift; path = TaskListView.swift; sourceTree = "<group>"; };
		E41D78122CF80EB7006BD023 /* TaskRowView.swift */ = {isa = PBXFileReference; lastKnownFileType = sourcecode.swift; path = TaskRowView.swift; sourceTree = "<group>"; };
		E41D78142CF80EB7006BD023 /* EntryView.swift */ = {isa = PBXFileReference; lastKnownFileType = sourcecode.swift; path = EntryView.swift; sourceTree = "<group>"; };
		E41D78152CF80EB7006BD023 /* MainView.swift */ = {isa = PBXFileReference; lastKnownFileType = sourcecode.swift; path = MainView.swift; sourceTree = "<group>"; };
		E41D78172CF80EB7006BD023 /* AppleLoginViewModel.swift */ = {isa = PBXFileReference; lastKnownFileType = sourcecode.swift; path = AppleLoginViewModel.swift; sourceTree = "<group>"; };
		E41D78182CF80EB7006BD023 /* KakaoLoginViewModel.swift */ = {isa = PBXFileReference; lastKnownFileType = sourcecode.swift; path = KakaoLoginViewModel.swift; sourceTree = "<group>"; };
		E41D78192CF80EB7006BD023 /* LoginViewModel.swift */ = {isa = PBXFileReference; lastKnownFileType = sourcecode.swift; path = LoginViewModel.swift; sourceTree = "<group>"; };
		E41D781A2CF80EB7006BD023 /* ProfileViewModel.swift */ = {isa = PBXFileReference; lastKnownFileType = sourcecode.swift; path = ProfileViewModel.swift; sourceTree = "<group>"; };
		E41D781C2CF80EB7006BD023 /* HomeEntryOptionsViewModel.swift */ = {isa = PBXFileReference; lastKnownFileType = sourcecode.swift; path = HomeEntryOptionsViewModel.swift; sourceTree = "<group>"; };
		E41D781D2CF80EB7006BD023 /* HouseRoomViewModel.swift */ = {isa = PBXFileReference; lastKnownFileType = sourcecode.swift; path = HouseRoomViewModel.swift; sourceTree = "<group>"; };
		E41D781E2CF80EB7006BD023 /* InviteCodeViewModel.swift */ = {isa = PBXFileReference; lastKnownFileType = sourcecode.swift; path = InviteCodeViewModel.swift; sourceTree = "<group>"; };
		E41D781F2CF80EB7006BD023 /* KakaoShareViewModel.swift */ = {isa = PBXFileReference; lastKnownFileType = sourcecode.swift; path = KakaoShareViewModel.swift; sourceTree = "<group>"; };
		E41D78202CF80EB7006BD023 /* TaskViewModel.swift */ = {isa = PBXFileReference; lastKnownFileType = sourcecode.swift; path = TaskViewModel.swift; sourceTree = "<group>"; };
		E41D78222CF80EB7006BD023 /* Assets.xcassets */ = {isa = PBXFileReference; lastKnownFileType = folder.assetcatalog; path = Assets.xcassets; sourceTree = "<group>"; };
		E41D78232CF80EB7006BD023 /* ContentView.swift */ = {isa = PBXFileReference; lastKnownFileType = sourcecode.swift; path = ContentView.swift; sourceTree = "<group>"; };
		E41D78242CF80EB7006BD023 /* home_s_on_feApp.swift */ = {isa = PBXFileReference; lastKnownFileType = sourcecode.swift; path = home_s_on_feApp.swift; sourceTree = "<group>"; };
		E41D78252CF80EB7006BD023 /* home-s-on-fe.entitlements */ = {isa = PBXFileReference; lastKnownFileType = text.plist.entitlements; path = "home-s-on-fe.entitlements"; sourceTree = "<group>"; };
		E41D78262CF80EB7006BD023 /* Info.plist */ = {isa = PBXFileReference; lastKnownFileType = text.plist.xml; path = Info.plist; sourceTree = "<group>"; };
		E48BFB342CEAD1FB00AC13FC /* home-s-on-fe.app */ = {isa = PBXFileReference; explicitFileType = wrapper.application; includeInIndex = 0; path = "home-s-on-fe.app"; sourceTree = BUILT_PRODUCTS_DIR; };
/* End PBXFileReference section */

/* Begin PBXFileSystemSynchronizedBuildFileExceptionSet section */
		64A788D02CF2E62B006D60D3 /* Exceptions for "home-s-on-fe" folder in "home-s-on-fe" target */ = {
			isa = PBXFileSystemSynchronizedBuildFileExceptionSet;
			membershipExceptions = (
				Info.plist,
			);
			target = E48BFB332CEAD1FB00AC13FC /* home-s-on-fe */;
		};
/* End PBXFileSystemSynchronizedBuildFileExceptionSet section */

/* Begin PBXFileSystemSynchronizedRootGroup section */
		E48BFB362CEAD1FB00AC13FC /* home-s-on-fe */ = {
			isa = PBXFileSystemSynchronizedRootGroup;
			exceptions = (
				64A788D02CF2E62B006D60D3 /* Exceptions for "home-s-on-fe" folder in "home-s-on-fe" target */,
			);
			path = "home-s-on-fe";
			sourceTree = "<group>";
		};
/* End PBXFileSystemSynchronizedRootGroup section */

/* Begin PBXFrameworksBuildPhase section */
		E48BFB312CEAD1FB00AC13FC /* Frameworks */ = {
			isa = PBXFrameworksBuildPhase;
			buildActionMask = 2147483647;
			files = (
				64ECCF762CF48AED00282D41 /* KakaoSDKAuth in Frameworks */,
				64ECCF752CF48AED00282D41 /* KakaoSDKTemplate in Frameworks */,
				64ECCF742CF48AED00282D41 /* KakaoSDKShare in Frameworks */,
				64ECCF732CF48AED00282D41 /* KakaoSDKCommon in Frameworks */,
				E445DE0B2CF01993008F632E /* Kingfisher in Frameworks */,
				648C6E5B2CF422A800C03BAD /* Alamofire in Frameworks */,
				99A369F2BEF04590E52BF576 /* Pods_home_s_on_fe.framework in Frameworks */,
				E432B8712CED7E71006C3689 /* SVProgressHUD in Frameworks */,
			);
			runOnlyForDeploymentPostprocessing = 0;
		};
/* End PBXFrameworksBuildPhase section */

/* Begin PBXGroup section */
		BCA16CBC07BAF454B68A639F /* Pods */ = {
			isa = PBXGroup;
			children = (
				CE7E0D7960F03D46D4515D8D /* Pods-home-s-on-fe.debug.xcconfig */,
				BDBCBC1974C689F5B9234BB2 /* Pods-home-s-on-fe.release.xcconfig */,
			);
			path = Pods;
			sourceTree = "<group>";
		};
		E41D77EE2CF80EB7006BD023 /* Model */ = {
			isa = PBXGroup;
			children = (
				E41D77E92CF80EB7006BD023 /* House.swift */,
				E41D77EA2CF80EB7006BD023 /* HouseRoom.swift */,
				E41D77EB2CF80EB7006BD023 /* LoginType.swift */,
				E41D77EC2CF80EB7006BD023 /* Task.swift */,
				E41D77ED2CF80EB7006BD023 /* User.swift */,
			);
			path = Model;
			sourceTree = "<group>";
		};
		E41D77F02CF80EB7006BD023 /* Networking */ = {
			isa = PBXGroup;
			children = (
				E41D77EF2CF80EB7006BD023 /* APIManager.swift */,
			);
			path = Networking;
			sourceTree = "<group>";
		};
		E41D77F22CF80EB7006BD023 /* Preview Content */ = {
			isa = PBXGroup;
			children = (
				E41D77F12CF80EB7006BD023 /* Preview Assets.xcassets */,
			);
			path = "Preview Content";
			sourceTree = "<group>";
		};
		E41D77F82CF80EB7006BD023 /* common */ = {
			isa = PBXGroup;
			children = (
				E41D77F32CF80EB7006BD023 /* CustomActionButton.swift */,
				E41D77F42CF80EB7006BD023 /* CustomTextField.swift */,
				E41D77F52CF80EB7006BD023 /* ImagePicker.swift */,
				E41D77F62CF80EB7006BD023 /* RoundImage.swift */,
				E41D77F72CF80EB7006BD023 /* WideImageButton.swift */,
			);
			path = common;
			sourceTree = "<group>";
		};
		E41D77FA2CF80EB7006BD023 /* component */ = {
			isa = PBXGroup;
			children = (
				E41D77F92CF80EB7006BD023 /* EntryOptionButton.swift */,
			);
			path = component;
			sourceTree = "<group>";
		};
		E41D77FD2CF80EB7006BD023 /* HouseEntryOptions */ = {
			isa = PBXGroup;
			children = (
				E41D77FA2CF80EB7006BD023 /* component */,
				E41D77FB2CF80EB7006BD023 /* EnterInviteCodeView.swift */,
				E41D77FC2CF80EB7006BD023 /* HouseEntryOptionsView.swift */,
			);
			path = HouseEntryOptions;
			sourceTree = "<group>";
		};
		E41D77FF2CF80EB7006BD023 /* Invite */ = {
			isa = PBXGroup;
			children = (
				E41D77FE2CF80EB7006BD023 /* InviteMemberView.swift */,
			);
			path = Invite;
			sourceTree = "<group>";
		};
		E41D78012CF80EB7006BD023 /* AppleLogin */ = {
			isa = PBXGroup;
			children = (
				E41D78002CF80EB7006BD023 /* AppleLoginView.swift */,
			);
			path = AppleLogin;
			sourceTree = "<group>";
		};
		E41D78032CF80EB7006BD023 /* component */ = {
			isa = PBXGroup;
			children = (
				E41D78022CF80EB7006BD023 /* LoginButton.swift */,
			);
			path = component;
			sourceTree = "<group>";
		};
		E41D78052CF80EB7006BD023 /* KakaoLogin */ = {
			isa = PBXGroup;
			children = (
				E41D78042CF80EB7006BD023 /* KakaoLoginView.swift */,
			);
			path = KakaoLogin;
			sourceTree = "<group>";
		};
		E41D78092CF80EB7006BD023 /* Login */ = {
			isa = PBXGroup;
			children = (
				E41D78012CF80EB7006BD023 /* AppleLogin */,
				E41D78032CF80EB7006BD023 /* component */,
				E41D78052CF80EB7006BD023 /* KakaoLogin */,
				E41D78062CF80EB7006BD023 /* EmailLoginView.swift */,
				E41D78072CF80EB7006BD023 /* EmailSignUpView.swift */,
				E41D78082CF80EB7006BD023 /* LoginView.swift */,
			);
			path = Login;
			sourceTree = "<group>";
		};
		E41D780B2CF80EB7006BD023 /* Profile */ = {
			isa = PBXGroup;
			children = (
				E41D780A2CF80EB7006BD023 /* ProfileEditView.swift */,
			);
			path = Profile;
			sourceTree = "<group>";
		};
		E41D78132CF80EB7006BD023 /* Task */ = {
			isa = PBXGroup;
			children = (
				E41D780C2CF80EB7006BD023 /* AddTaskView.swift */,
				E41D780D2CF80EB7006BD023 /* AssigneeSelectionView.swift */,
				E41D780E2CF80EB7006BD023 /* DateSelectionView.swift */,
				E41D780F2CF80EB7006BD023 /* MyTaskListView.swift */,
				E41D78102CF80EB7006BD023 /* RoomSelectionView.swift */,
				E41D78112CF80EB7006BD023 /* TaskListView.swift */,
				E41D78122CF80EB7006BD023 /* TaskRowView.swift */,
			);
			path = Task;
			sourceTree = "<group>";
		};
		E41D78162CF80EB7006BD023 /* View */ = {
			isa = PBXGroup;
			children = (
				E41D77F82CF80EB7006BD023 /* common */,
				E41D77FD2CF80EB7006BD023 /* HouseEntryOptions */,
				E41D77FF2CF80EB7006BD023 /* Invite */,
				E41D78092CF80EB7006BD023 /* Login */,
				E41D780B2CF80EB7006BD023 /* Profile */,
				E41D78132CF80EB7006BD023 /* Task */,
				E41D78142CF80EB7006BD023 /* EntryView.swift */,
				E41D78152CF80EB7006BD023 /* MainView.swift */,
			);
			path = View;
			sourceTree = "<group>";
		};
		E41D781B2CF80EB7006BD023 /* User */ = {
			isa = PBXGroup;
			children = (
				E41D78172CF80EB7006BD023 /* AppleLoginViewModel.swift */,
				E41D78182CF80EB7006BD023 /* KakaoLoginViewModel.swift */,
				E41D78192CF80EB7006BD023 /* LoginViewModel.swift */,
				E41D781A2CF80EB7006BD023 /* ProfileViewModel.swift */,
			);
			path = User;
			sourceTree = "<group>";
		};
		E41D78212CF80EB7006BD023 /* ViewModel */ = {
			isa = PBXGroup;
			children = (
				E41D781B2CF80EB7006BD023 /* User */,
				E41D781C2CF80EB7006BD023 /* HomeEntryOptionsViewModel.swift */,
				E41D781D2CF80EB7006BD023 /* HouseRoomViewModel.swift */,
				E41D781E2CF80EB7006BD023 /* InviteCodeViewModel.swift */,
				E41D781F2CF80EB7006BD023 /* KakaoShareViewModel.swift */,
				E41D78202CF80EB7006BD023 /* TaskViewModel.swift */,
			);
			path = ViewModel;
			sourceTree = "<group>";
		};
		E41D78272CF80EB7006BD023 /* home-s-on-fe */ = {
			isa = PBXGroup;
			children = (
				E41D77EE2CF80EB7006BD023 /* Model */,
				E41D77F02CF80EB7006BD023 /* Networking */,
				E41D77F22CF80EB7006BD023 /* Preview Content */,
				E41D78162CF80EB7006BD023 /* View */,
				E41D78212CF80EB7006BD023 /* ViewModel */,
				E41D78222CF80EB7006BD023 /* Assets.xcassets */,
				E41D78232CF80EB7006BD023 /* ContentView.swift */,
				E41D78242CF80EB7006BD023 /* home_s_on_feApp.swift */,
				E41D78252CF80EB7006BD023 /* home-s-on-fe.entitlements */,
				E41D78262CF80EB7006BD023 /* Info.plist */,
			);
			path = "home-s-on-fe";
			sourceTree = "<group>";
		};
		E48BFB2B2CEAD1FB00AC13FC = {
			isa = PBXGroup;
			children = (
				E41D78272CF80EB7006BD023 /* home-s-on-fe */,
				64E8DC5E2CEE18520049E624 /* Config.xcconfig */,
				E48BFB352CEAD1FB00AC13FC /* Products */,
				BCA16CBC07BAF454B68A639F /* Pods */,
				EB0CF434363EF9073E86E158 /* Frameworks */,
			);
			sourceTree = "<group>";
		};
		E48BFB352CEAD1FB00AC13FC /* Products */ = {
			isa = PBXGroup;
			children = (
				E48BFB362CEAD1FB00AC13FC /* home-s-on-fe */,
				E48BFB342CEAD1FB00AC13FC /* home-s-on-fe.app */,
			);
			name = Products;
			sourceTree = "<group>";
		};
		EB0CF434363EF9073E86E158 /* Frameworks */ = {
			isa = PBXGroup;
			children = (
				82CF299C0F57910554B9CF0A /* Pods_home_s_on_fe.framework */,
			);
			name = Frameworks;
			sourceTree = "<group>";
		};
/* End PBXGroup section */

/* Begin PBXNativeTarget section */
		E48BFB332CEAD1FB00AC13FC /* home-s-on-fe */ = {
			isa = PBXNativeTarget;
			buildConfigurationList = E48BFB422CEAD1FC00AC13FC /* Build configuration list for PBXNativeTarget "home-s-on-fe" */;
			buildPhases = (
				563BEF7E9A681C9154E32A76 /* [CP] Check Pods Manifest.lock */,
				E48BFB302CEAD1FB00AC13FC /* Sources */,
				E48BFB312CEAD1FB00AC13FC /* Frameworks */,
				E48BFB322CEAD1FB00AC13FC /* Resources */,
				D24D482E33E3425A7EA07B62 /* [CP] Embed Pods Frameworks */,
			);
			buildRules = (
			);
			dependencies = (
			);
			fileSystemSynchronizedGroups = (
				E48BFB362CEAD1FB00AC13FC /* home-s-on-fe */,
			);
			name = "home-s-on-fe";
			packageProductDependencies = (
				E432B8702CED7E71006C3689 /* SVProgressHUD */,
				E445DE0A2CF01993008F632E /* Kingfisher */,
				648C6D822CF421D500C03BAD /* KakaoSDKCommon */,
				648C6DC92CF4221D00C03BAD /* KakaoSDKShare */,
				648C6DCB2CF4222B00C03BAD /* KakaoSDKTemplate */,
				648C6E122CF4224100C03BAD /* KakaoSDKAuth */,
				648C6E5A2CF422A800C03BAD /* Alamofire */,
			);
			productName = "home-s-on-fe";
			productReference = E48BFB342CEAD1FB00AC13FC /* home-s-on-fe.app */;
			productType = "com.apple.product-type.application";
		};
/* End PBXNativeTarget section */

/* Begin PBXProject section */
		E48BFB2C2CEAD1FB00AC13FC /* Project object */ = {
			isa = PBXProject;
			attributes = {
				BuildIndependentTargetsInParallel = 1;
				LastSwiftUpdateCheck = 1610;
				LastUpgradeCheck = 1610;
				TargetAttributes = {
					E48BFB332CEAD1FB00AC13FC = {
						CreatedOnToolsVersion = 16.1;
					};
				};
			};
			buildConfigurationList = E48BFB2F2CEAD1FB00AC13FC /* Build configuration list for PBXProject "home-s-on-fe" */;
			developmentRegion = en;
			hasScannedForEncodings = 0;
			knownRegions = (
				en,
				Base,
			);
			mainGroup = E48BFB2B2CEAD1FB00AC13FC;
			minimizedProjectReferenceProxies = 1;
			packageReferences = (
				E432B86F2CED7E71006C3689 /* XCRemoteSwiftPackageReference "SVProgressHUD" */,
				E445DE092CF01993008F632E /* XCRemoteSwiftPackageReference "Kingfisher" */,
				648C6D812CF421D500C03BAD /* XCRemoteSwiftPackageReference "kakao-ios-sdk" */,
				648C6E592CF422A800C03BAD /* XCRemoteSwiftPackageReference "Alamofire" */,
			);
			preferredProjectObjectVersion = 77;
			productRefGroup = E48BFB352CEAD1FB00AC13FC /* Products */;
			projectDirPath = "";
			projectRoot = "";
			targets = (
				E48BFB332CEAD1FB00AC13FC /* home-s-on-fe */,
			);
		};
/* End PBXProject section */

/* Begin PBXResourcesBuildPhase section */
		E48BFB322CEAD1FB00AC13FC /* Resources */ = {
			isa = PBXResourcesBuildPhase;
			buildActionMask = 2147483647;
			files = (
				E41D78522CF80EB7006BD023 /* Preview Assets.xcassets in Resources */,
				E41D78542CF80EB7006BD023 /* Assets.xcassets in Resources */,
				64E8DC5F2CEE18520049E624 /* Config.xcconfig in Resources */,
			);
			runOnlyForDeploymentPostprocessing = 0;
		};
/* End PBXResourcesBuildPhase section */

/* Begin PBXShellScriptBuildPhase section */
		563BEF7E9A681C9154E32A76 /* [CP] Check Pods Manifest.lock */ = {
			isa = PBXShellScriptBuildPhase;
			buildActionMask = 2147483647;
			files = (
			);
			inputFileListPaths = (
			);
			inputPaths = (
				"${PODS_PODFILE_DIR_PATH}/Podfile.lock",
				"${PODS_ROOT}/Manifest.lock",
			);
			name = "[CP] Check Pods Manifest.lock";
			outputFileListPaths = (
			);
			outputPaths = (
				"$(DERIVED_FILE_DIR)/Pods-home-s-on-fe-checkManifestLockResult.txt",
			);
			runOnlyForDeploymentPostprocessing = 0;
			shellPath = /bin/sh;
			shellScript = "diff \"${PODS_PODFILE_DIR_PATH}/Podfile.lock\" \"${PODS_ROOT}/Manifest.lock\" > /dev/null\nif [ $? != 0 ] ; then\n    # print error to STDERR\n    echo \"error: The sandbox is not in sync with the Podfile.lock. Run 'pod install' or update your CocoaPods installation.\" >&2\n    exit 1\nfi\n# This output is used by Xcode 'outputs' to avoid re-running this script phase.\necho \"SUCCESS\" > \"${SCRIPT_OUTPUT_FILE_0}\"\n";
			showEnvVarsInLog = 0;
		};
		D24D482E33E3425A7EA07B62 /* [CP] Embed Pods Frameworks */ = {
			isa = PBXShellScriptBuildPhase;
			buildActionMask = 2147483647;
			files = (
			);
			inputFileListPaths = (
				"${PODS_ROOT}/Target Support Files/Pods-home-s-on-fe/Pods-home-s-on-fe-frameworks-${CONFIGURATION}-input-files.xcfilelist",
			);
			name = "[CP] Embed Pods Frameworks";
			outputFileListPaths = (
				"${PODS_ROOT}/Target Support Files/Pods-home-s-on-fe/Pods-home-s-on-fe-frameworks-${CONFIGURATION}-output-files.xcfilelist",
			);
			runOnlyForDeploymentPostprocessing = 0;
			shellPath = /bin/sh;
			shellScript = "\"${PODS_ROOT}/Target Support Files/Pods-home-s-on-fe/Pods-home-s-on-fe-frameworks.sh\"\n";
			showEnvVarsInLog = 0;
		};
/* End PBXShellScriptBuildPhase section */

/* Begin PBXSourcesBuildPhase section */
		E48BFB302CEAD1FB00AC13FC /* Sources */ = {
			isa = PBXSourcesBuildPhase;
			buildActionMask = 2147483647;
			files = (
				E41D78282CF80EB7006BD023 /* AppleLoginViewModel.swift in Sources */,
				E41D78292CF80EB7006BD023 /* APIManager.swift in Sources */,
				E41D782A2CF80EB7006BD023 /* ProfileEditView.swift in Sources */,
				E41D782B2CF80EB7006BD023 /* CustomTextField.swift in Sources */,
				E41D782C2CF80EB7006BD023 /* InviteCodeViewModel.swift in Sources */,
				E41D782D2CF80EB7006BD023 /* User.swift in Sources */,
				E41D782E2CF80EB7006BD023 /* Task.swift in Sources */,
				E41D782F2CF80EB7006BD023 /* HouseEntryOptionsView.swift in Sources */,
				E41D78302CF80EB7006BD023 /* HomeEntryOptionsViewModel.swift in Sources */,
				E41D78312CF80EB7006BD023 /* HouseRoomViewModel.swift in Sources */,
				E41D78322CF80EB7006BD023 /* HouseRoom.swift in Sources */,
				E41D78332CF80EB7006BD023 /* KakaoLoginViewModel.swift in Sources */,
				E41D78342CF80EB7006BD023 /* LoginType.swift in Sources */,
				E41D78352CF80EB7006BD023 /* EmailSignUpView.swift in Sources */,
				E41D78362CF80EB7006BD023 /* LoginView.swift in Sources */,
				E41D78372CF80EB7006BD023 /* home_s_on_feApp.swift in Sources */,
				E41D78382CF80EB7006BD023 /* AddTaskView.swift in Sources */,
				E41D78392CF80EB7006BD023 /* LoginButton.swift in Sources */,
				E41D783A2CF80EB7006BD023 /* RoomSelectionView.swift in Sources */,
				E41D783B2CF80EB7006BD023 /* DateSelectionView.swift in Sources */,
				E41D783C2CF80EB7006BD023 /* TaskListView.swift in Sources */,
				E41D783D2CF80EB7006BD023 /* EnterInviteCodeView.swift in Sources */,
				E41D783E2CF80EB7006BD023 /* ContentView.swift in Sources */,
				E41D783F2CF80EB7006BD023 /* KakaoLoginView.swift in Sources */,
				E41D78402CF80EB7006BD023 /* AppleLoginView.swift in Sources */,
				E41D78412CF80EB7006BD023 /* RoundImage.swift in Sources */,
				E41D78422CF80EB7006BD023 /* EmailLoginView.swift in Sources */,
				E41D78432CF80EB7006BD023 /* EntryOptionButton.swift in Sources */,
				E41D78442CF80EB7006BD023 /* EntryView.swift in Sources */,
				E41D78452CF80EB7006BD023 /* ProfileViewModel.swift in Sources */,
				E41D78462CF80EB7006BD023 /* AssigneeSelectionView.swift in Sources */,
				E41D78472CF80EB7006BD023 /* House.swift in Sources */,
				E41D78482CF80EB7006BD023 /* InviteMemberView.swift in Sources */,
				E41D78492CF80EB7006BD023 /* LoginViewModel.swift in Sources */,
				E41D784A2CF80EB7006BD023 /* MainView.swift in Sources */,
				E41D784B2CF80EB7006BD023 /* TaskViewModel.swift in Sources */,
				E41D784C2CF80EB7006BD023 /* ImagePicker.swift in Sources */,
				E41D784D2CF80EB7006BD023 /* WideImageButton.swift in Sources */,
				E41D784E2CF80EB7006BD023 /* MyTaskListView.swift in Sources */,
				E41D784F2CF80EB7006BD023 /* CustomActionButton.swift in Sources */,
				E41D78502CF80EB7006BD023 /* TaskRowView.swift in Sources */,
				E41D78512CF80EB7006BD023 /* KakaoShareViewModel.swift in Sources */,
			);
			runOnlyForDeploymentPostprocessing = 0;
		};
/* End PBXSourcesBuildPhase section */

/* Begin XCBuildConfiguration section */
		E48BFB402CEAD1FC00AC13FC /* Debug */ = {
			isa = XCBuildConfiguration;
			baseConfigurationReference = 64E8DC5E2CEE18520049E624 /* Config.xcconfig */;
			buildSettings = {
				ALWAYS_SEARCH_USER_PATHS = NO;
				ASSETCATALOG_COMPILER_GENERATE_SWIFT_ASSET_SYMBOL_EXTENSIONS = YES;
				CLANG_ANALYZER_NONNULL = YES;
				CLANG_ANALYZER_NUMBER_OBJECT_CONVERSION = YES_AGGRESSIVE;
				CLANG_CXX_LANGUAGE_STANDARD = "gnu++20";
				CLANG_ENABLE_MODULES = YES;
				CLANG_ENABLE_OBJC_ARC = YES;
				CLANG_ENABLE_OBJC_WEAK = YES;
				CLANG_WARN_BLOCK_CAPTURE_AUTORELEASING = YES;
				CLANG_WARN_BOOL_CONVERSION = YES;
				CLANG_WARN_COMMA = YES;
				CLANG_WARN_CONSTANT_CONVERSION = YES;
				CLANG_WARN_DEPRECATED_OBJC_IMPLEMENTATIONS = YES;
				CLANG_WARN_DIRECT_OBJC_ISA_USAGE = YES_ERROR;
				CLANG_WARN_DOCUMENTATION_COMMENTS = YES;
				CLANG_WARN_EMPTY_BODY = YES;
				CLANG_WARN_ENUM_CONVERSION = YES;
				CLANG_WARN_INFINITE_RECURSION = YES;
				CLANG_WARN_INT_CONVERSION = YES;
				CLANG_WARN_NON_LITERAL_NULL_CONVERSION = YES;
				CLANG_WARN_OBJC_IMPLICIT_RETAIN_SELF = YES;
				CLANG_WARN_OBJC_LITERAL_CONVERSION = YES;
				CLANG_WARN_OBJC_ROOT_CLASS = YES_ERROR;
				CLANG_WARN_QUOTED_INCLUDE_IN_FRAMEWORK_HEADER = YES;
				CLANG_WARN_RANGE_LOOP_ANALYSIS = YES;
				CLANG_WARN_STRICT_PROTOTYPES = YES;
				CLANG_WARN_SUSPICIOUS_MOVE = YES;
				CLANG_WARN_UNGUARDED_AVAILABILITY = YES_AGGRESSIVE;
				CLANG_WARN_UNREACHABLE_CODE = YES;
				CLANG_WARN__DUPLICATE_METHOD_MATCH = YES;
				COPY_PHASE_STRIP = NO;
				DEBUG_INFORMATION_FORMAT = dwarf;
				ENABLE_STRICT_OBJC_MSGSEND = YES;
				ENABLE_TESTABILITY = YES;
				ENABLE_USER_SCRIPT_SANDBOXING = NO;
				GCC_C_LANGUAGE_STANDARD = gnu17;
				GCC_DYNAMIC_NO_PIC = NO;
				GCC_NO_COMMON_BLOCKS = YES;
				GCC_OPTIMIZATION_LEVEL = 0;
				GCC_PREPROCESSOR_DEFINITIONS = (
					"DEBUG=1",
					"$(inherited)",
				);
				GCC_WARN_64_TO_32_BIT_CONVERSION = YES;
				GCC_WARN_ABOUT_RETURN_TYPE = YES_ERROR;
				GCC_WARN_UNDECLARED_SELECTOR = YES;
				GCC_WARN_UNINITIALIZED_AUTOS = YES_AGGRESSIVE;
				GCC_WARN_UNUSED_FUNCTION = YES;
				GCC_WARN_UNUSED_VARIABLE = YES;
				IPHONEOS_DEPLOYMENT_TARGET = 18.1;
				LOCALIZATION_PREFERS_STRING_CATALOGS = YES;
				MTL_ENABLE_DEBUG_INFO = INCLUDE_SOURCE;
				MTL_FAST_MATH = YES;
				ONLY_ACTIVE_ARCH = YES;
				SDKROOT = iphoneos;
				SWIFT_ACTIVE_COMPILATION_CONDITIONS = "DEBUG $(inherited)";
				SWIFT_OPTIMIZATION_LEVEL = "-Onone";
			};
			name = Debug;
		};
		E48BFB412CEAD1FC00AC13FC /* Release */ = {
			isa = XCBuildConfiguration;
			baseConfigurationReference = 64E8DC5E2CEE18520049E624 /* Config.xcconfig */;
			buildSettings = {
				ALWAYS_SEARCH_USER_PATHS = NO;
				ASSETCATALOG_COMPILER_GENERATE_SWIFT_ASSET_SYMBOL_EXTENSIONS = YES;
				CLANG_ANALYZER_NONNULL = YES;
				CLANG_ANALYZER_NUMBER_OBJECT_CONVERSION = YES_AGGRESSIVE;
				CLANG_CXX_LANGUAGE_STANDARD = "gnu++20";
				CLANG_ENABLE_MODULES = YES;
				CLANG_ENABLE_OBJC_ARC = YES;
				CLANG_ENABLE_OBJC_WEAK = YES;
				CLANG_WARN_BLOCK_CAPTURE_AUTORELEASING = YES;
				CLANG_WARN_BOOL_CONVERSION = YES;
				CLANG_WARN_COMMA = YES;
				CLANG_WARN_CONSTANT_CONVERSION = YES;
				CLANG_WARN_DEPRECATED_OBJC_IMPLEMENTATIONS = YES;
				CLANG_WARN_DIRECT_OBJC_ISA_USAGE = YES_ERROR;
				CLANG_WARN_DOCUMENTATION_COMMENTS = YES;
				CLANG_WARN_EMPTY_BODY = YES;
				CLANG_WARN_ENUM_CONVERSION = YES;
				CLANG_WARN_INFINITE_RECURSION = YES;
				CLANG_WARN_INT_CONVERSION = YES;
				CLANG_WARN_NON_LITERAL_NULL_CONVERSION = YES;
				CLANG_WARN_OBJC_IMPLICIT_RETAIN_SELF = YES;
				CLANG_WARN_OBJC_LITERAL_CONVERSION = YES;
				CLANG_WARN_OBJC_ROOT_CLASS = YES_ERROR;
				CLANG_WARN_QUOTED_INCLUDE_IN_FRAMEWORK_HEADER = YES;
				CLANG_WARN_RANGE_LOOP_ANALYSIS = YES;
				CLANG_WARN_STRICT_PROTOTYPES = YES;
				CLANG_WARN_SUSPICIOUS_MOVE = YES;
				CLANG_WARN_UNGUARDED_AVAILABILITY = YES_AGGRESSIVE;
				CLANG_WARN_UNREACHABLE_CODE = YES;
				CLANG_WARN__DUPLICATE_METHOD_MATCH = YES;
				COPY_PHASE_STRIP = NO;
				DEBUG_INFORMATION_FORMAT = "dwarf-with-dsym";
				ENABLE_NS_ASSERTIONS = NO;
				ENABLE_STRICT_OBJC_MSGSEND = YES;
				ENABLE_USER_SCRIPT_SANDBOXING = NO;
				GCC_C_LANGUAGE_STANDARD = gnu17;
				GCC_NO_COMMON_BLOCKS = YES;
				GCC_WARN_64_TO_32_BIT_CONVERSION = YES;
				GCC_WARN_ABOUT_RETURN_TYPE = YES_ERROR;
				GCC_WARN_UNDECLARED_SELECTOR = YES;
				GCC_WARN_UNINITIALIZED_AUTOS = YES_AGGRESSIVE;
				GCC_WARN_UNUSED_FUNCTION = YES;
				GCC_WARN_UNUSED_VARIABLE = YES;
				IPHONEOS_DEPLOYMENT_TARGET = 18.1;
				LOCALIZATION_PREFERS_STRING_CATALOGS = YES;
				MTL_ENABLE_DEBUG_INFO = NO;
				MTL_FAST_MATH = YES;
				SDKROOT = iphoneos;
				SWIFT_COMPILATION_MODE = wholemodule;
				VALIDATE_PRODUCT = YES;
			};
			name = Release;
		};
		E48BFB432CEAD1FC00AC13FC /* Debug */ = {
			isa = XCBuildConfiguration;
			baseConfigurationReference = CE7E0D7960F03D46D4515D8D /* Pods-home-s-on-fe.debug.xcconfig */;
			buildSettings = {
				ASSETCATALOG_COMPILER_APPICON_NAME = AppIcon;
				ASSETCATALOG_COMPILER_GLOBAL_ACCENT_COLOR_NAME = AccentColor;
				CODE_SIGN_ENTITLEMENTS = "home-s-on-fe/home-s-on-fe.entitlements";
				CODE_SIGN_STYLE = Automatic;
				CURRENT_PROJECT_VERSION = 1;
				DEVELOPMENT_ASSET_PATHS = "\"home-s-on-fe/Preview Content\"";
				DEVELOPMENT_TEAM = 8YXQMG6LKS;
				ENABLE_PREVIEWS = YES;
				GENERATE_INFOPLIST_FILE = YES;
				INFOPLIST_FILE = "home-s-on-fe/Info.plist";
				INFOPLIST_KEY_UIApplicationSceneManifest_Generation = YES;
				INFOPLIST_KEY_UIApplicationSupportsIndirectInputEvents = YES;
				INFOPLIST_KEY_UILaunchScreen_Generation = YES;
				INFOPLIST_KEY_UISupportedInterfaceOrientations_iPad = "UIInterfaceOrientationPortrait UIInterfaceOrientationPortraitUpsideDown UIInterfaceOrientationLandscapeLeft UIInterfaceOrientationLandscapeRight";
				INFOPLIST_KEY_UISupportedInterfaceOrientations_iPhone = "UIInterfaceOrientationPortrait UIInterfaceOrientationLandscapeLeft UIInterfaceOrientationLandscapeRight";
				LD_RUNPATH_SEARCH_PATHS = (
					"$(inherited)",
					"@executable_path/Frameworks",
				);
				MARKETING_VERSION = 1.0;
				PRODUCT_BUNDLE_IDENTIFIER = kr.or.womanup.nambu.song.homesonfe;
				PRODUCT_NAME = "$(TARGET_NAME)";
				SWIFT_EMIT_LOC_STRINGS = YES;
				SWIFT_VERSION = 5.0;
				TARGETED_DEVICE_FAMILY = "1,2";
			};
			name = Debug;
		};
		E48BFB442CEAD1FC00AC13FC /* Release */ = {
			isa = XCBuildConfiguration;
			baseConfigurationReference = BDBCBC1974C689F5B9234BB2 /* Pods-home-s-on-fe.release.xcconfig */;
			buildSettings = {
				ASSETCATALOG_COMPILER_APPICON_NAME = AppIcon;
				ASSETCATALOG_COMPILER_GLOBAL_ACCENT_COLOR_NAME = AccentColor;
				CODE_SIGN_ENTITLEMENTS = "home-s-on-fe/home-s-on-fe.entitlements";
				CODE_SIGN_STYLE = Automatic;
				CURRENT_PROJECT_VERSION = 1;
				DEVELOPMENT_ASSET_PATHS = "\"home-s-on-fe/Preview Content\"";
				DEVELOPMENT_TEAM = 8YXQMG6LKS;
				ENABLE_PREVIEWS = YES;
				GENERATE_INFOPLIST_FILE = YES;
				INFOPLIST_FILE = "home-s-on-fe/Info.plist";
				INFOPLIST_KEY_UIApplicationSceneManifest_Generation = YES;
				INFOPLIST_KEY_UIApplicationSupportsIndirectInputEvents = YES;
				INFOPLIST_KEY_UILaunchScreen_Generation = YES;
				INFOPLIST_KEY_UISupportedInterfaceOrientations_iPad = "UIInterfaceOrientationPortrait UIInterfaceOrientationPortraitUpsideDown UIInterfaceOrientationLandscapeLeft UIInterfaceOrientationLandscapeRight";
				INFOPLIST_KEY_UISupportedInterfaceOrientations_iPhone = "UIInterfaceOrientationPortrait UIInterfaceOrientationLandscapeLeft UIInterfaceOrientationLandscapeRight";
				LD_RUNPATH_SEARCH_PATHS = (
					"$(inherited)",
					"@executable_path/Frameworks",
				);
				MARKETING_VERSION = 1.0;
				PRODUCT_BUNDLE_IDENTIFIER = kr.or.womanup.nambu.song.homesonfe;
				PRODUCT_NAME = "$(TARGET_NAME)";
				SWIFT_EMIT_LOC_STRINGS = YES;
				SWIFT_VERSION = 5.0;
				TARGETED_DEVICE_FAMILY = "1,2";
			};
			name = Release;
		};
/* End XCBuildConfiguration section */

/* Begin XCConfigurationList section */
		E48BFB2F2CEAD1FB00AC13FC /* Build configuration list for PBXProject "home-s-on-fe" */ = {
			isa = XCConfigurationList;
			buildConfigurations = (
				E48BFB402CEAD1FC00AC13FC /* Debug */,
				E48BFB412CEAD1FC00AC13FC /* Release */,
			);
			defaultConfigurationIsVisible = 0;
			defaultConfigurationName = Release;
		};
		E48BFB422CEAD1FC00AC13FC /* Build configuration list for PBXNativeTarget "home-s-on-fe" */ = {
			isa = XCConfigurationList;
			buildConfigurations = (
				E48BFB432CEAD1FC00AC13FC /* Debug */,
				E48BFB442CEAD1FC00AC13FC /* Release */,
			);
			defaultConfigurationIsVisible = 0;
			defaultConfigurationName = Release;
		};
/* End XCConfigurationList section */

/* Begin XCRemoteSwiftPackageReference section */
		648C6D812CF421D500C03BAD /* XCRemoteSwiftPackageReference "kakao-ios-sdk" */ = {
			isa = XCRemoteSwiftPackageReference;
			repositoryURL = "https://github.com/kakao/kakao-ios-sdk";
			requirement = {
				kind = upToNextMajorVersion;
				minimumVersion = 2.23.0;
			};
		};
		648C6E592CF422A800C03BAD /* XCRemoteSwiftPackageReference "Alamofire" */ = {
			isa = XCRemoteSwiftPackageReference;
			repositoryURL = "https://github.com/Alamofire/Alamofire.git";
			requirement = {
				kind = upToNextMajorVersion;
				minimumVersion = 5.10.1;
			};
		};
		E432B86F2CED7E71006C3689 /* XCRemoteSwiftPackageReference "SVProgressHUD" */ = {
			isa = XCRemoteSwiftPackageReference;
			repositoryURL = "https://github.com/SVProgressHUD/SVProgressHUD.git";
			requirement = {
				kind = upToNextMajorVersion;
				minimumVersion = 2.3.1;
			};
		};
		E445DE092CF01993008F632E /* XCRemoteSwiftPackageReference "Kingfisher" */ = {
			isa = XCRemoteSwiftPackageReference;
			repositoryURL = "https://github.com/onevcat/Kingfisher.git";
			requirement = {
				kind = upToNextMajorVersion;
				minimumVersion = 8.1.1;
			};
		};
/* End XCRemoteSwiftPackageReference section */

/* Begin XCSwiftPackageProductDependency section */
		648C6D822CF421D500C03BAD /* KakaoSDKCommon */ = {
			isa = XCSwiftPackageProductDependency;
			package = 648C6D812CF421D500C03BAD /* XCRemoteSwiftPackageReference "kakao-ios-sdk" */;
			productName = KakaoSDKCommon;
		};
		648C6DC92CF4221D00C03BAD /* KakaoSDKShare */ = {
			isa = XCSwiftPackageProductDependency;
			package = 648C6D812CF421D500C03BAD /* XCRemoteSwiftPackageReference "kakao-ios-sdk" */;
			productName = KakaoSDKShare;
		};
		648C6DCB2CF4222B00C03BAD /* KakaoSDKTemplate */ = {
			isa = XCSwiftPackageProductDependency;
			package = 648C6D812CF421D500C03BAD /* XCRemoteSwiftPackageReference "kakao-ios-sdk" */;
			productName = KakaoSDKTemplate;
		};
		648C6E122CF4224100C03BAD /* KakaoSDKAuth */ = {
			isa = XCSwiftPackageProductDependency;
			package = 648C6D812CF421D500C03BAD /* XCRemoteSwiftPackageReference "kakao-ios-sdk" */;
			productName = KakaoSDKAuth;
		};
		648C6E5A2CF422A800C03BAD /* Alamofire */ = {
			isa = XCSwiftPackageProductDependency;
			package = 648C6E592CF422A800C03BAD /* XCRemoteSwiftPackageReference "Alamofire" */;
			productName = Alamofire;
		};
		E432B8702CED7E71006C3689 /* SVProgressHUD */ = {
			isa = XCSwiftPackageProductDependency;
			package = E432B86F2CED7E71006C3689 /* XCRemoteSwiftPackageReference "SVProgressHUD" */;
			productName = SVProgressHUD;
		};
		E445DE0A2CF01993008F632E /* Kingfisher */ = {
			isa = XCSwiftPackageProductDependency;
			package = E445DE092CF01993008F632E /* XCRemoteSwiftPackageReference "Kingfisher" */;
			productName = Kingfisher;
		};
/* End XCSwiftPackageProductDependency section */
	};
	rootObject = E48BFB2C2CEAD1FB00AC13FC /* Project object */;
}
