PODS:
  - Alamofire (5.9.1)
  - KakaoSDKAuth (2.22.7):
    - KakaoSDKCommon (= 2.22.7)
  - KakaoSDKCommon (2.22.7):
    - KakaoSDKCommon/Common (= 2.22.7)
    - KakaoSDKCommon/Network (= 2.22.7)
  - KakaoSDKCommon/Common (2.22.7)
  - KakaoSDKCommon/Network (2.22.7):
    - Alamofire (~> 5.9.0)
    - KakaoSDKCommon/Common (= 2.22.7)
  - KakaoSDKShare (2.22.7):
    - KakaoSDKCommon (= 2.22.7)
    - KakaoSDKTemplate (= 2.22.7)
  - KakaoSDKTemplate (2.22.7):
    - KakaoSDKCommon/Common (= 2.22.7)

DEPENDENCIES:
  - KakaoSDKAuth
  - KakaoSDKShare
  - KakaoSDKTemplate

SPEC REPOS:
  trunk:
    - Alamofire
    - KakaoSDKAuth
    - KakaoSDKCommon
    - KakaoSDKShare
    - KakaoSDKTemplate

SPEC CHECKSUMS:
  Alamofire: f36a35757af4587d8e4f4bfa223ad10be2422b8c
  KakaoSDKAuth: 45204252ff7c379c0f86c5573f97ec36885afca0
  KakaoSDKCommon: 132164a6bac8bcd3a4346d3bf777f34f8f39fdca
  KakaoSDKShare: 01c60c3d5394479429a51ef14ea78d3e72f48af0
  KakaoSDKTemplate: b11ecf08777198ffafd184201baf93de476ddb84

PODFILE CHECKSUM: c2a48be529501e7295ea02f4d89a3f5f8282f18d

COCOAPODS: 1.16.2
